// !$*UTF8*$!
{
	archiveVersion = 1;
	classes = {
	};
	objectVersion = 46;
	objects = {

/* Begin PBXBuildFile section */
		052D8F8B177D9BF9003E9DDC /* SCSManager.m in Sources */ = {isa = PBXBuildFile; fileRef = 052D8F8A177D9BF9003E9DDC /* SCSManager.m */; };
		052D8F8D177DA438003E9DDC /* Security.framework in Frameworks */ = {isa = PBXBuildFile; fileRef = 052D8F8C177DA438003E9DDC /* Security.framework */; };
		052D8F8F177DA46A003E9DDC /* SystemConfiguration.framework in Frameworks */ = {isa = PBXBuildFile; fileRef = 052D8F8E177DA46A003E9DDC /* SystemConfiguration.framework */; };
		05368DAA176AF41000818E59 /* card_bg.png in Resources */ = {isa = PBXBuildFile; fileRef = 05368DA4176AF41000818E59 /* card_bg.png */; };
		05368DAB176AF41000818E59 /* card_bg@2x.png in Resources */ = {isa = PBXBuildFile; fileRef = 05368DA5176AF41000818E59 /* card_bg@2x.png */; };
		05368DAC176AF41000818E59 /* card_icon_person.png in Resources */ = {isa = PBXBuildFile; fileRef = 05368DA6176AF41000818E59 /* card_icon_person.png */; };
		05368DAD176AF41000818E59 /* card_icon_person@2x.png in Resources */ = {isa = PBXBuildFile; fileRef = 05368DA7176AF41000818E59 /* card_icon_person@2x.png */; };
		05368DAE176AF41000818E59 /* card_icon_phone.png in Resources */ = {isa = PBXBuildFile; fileRef = 05368DA8176AF41000818E59 /* card_icon_phone.png */; };
		05368DAF176AF41000818E59 /* card_icon_phone@2x.png in Resources */ = {isa = PBXBuildFile; fileRef = 05368DA9176AF41000818E59 /* card_icon_phone@2x.png */; };
		05368DBC176AF41B00818E59 /* icon_card_default.png in Resources */ = {isa = PBXBuildFile; fileRef = 05368DB0176AF41B00818E59 /* icon_card_default.png */; };
		05368DBD176AF41B00818E59 /* icon_card_default@2x.png in Resources */ = {isa = PBXBuildFile; fileRef = 05368DB1176AF41B00818E59 /* icon_card_default@2x.png */; };
		05368DBE176AF41B00818E59 /* icon_egitim_default.png in Resources */ = {isa = PBXBuildFile; fileRef = 05368DB2176AF41B00818E59 /* icon_egitim_default.png */; };
		05368DBF176AF41B00818E59 /* icon_egitim_default@2x.png in Resources */ = {isa = PBXBuildFile; fileRef = 05368DB3176AF41B00818E59 /* icon_egitim_default@2x.png */; };
		05368DC0176AF41B00818E59 /* icon_genelgeler_default.png in Resources */ = {isa = PBXBuildFile; fileRef = 05368DB4176AF41B00818E59 /* icon_genelgeler_default.png */; };
		05368DC1176AF41B00818E59 /* icon_genelgeler_default@2x.png in Resources */ = {isa = PBXBuildFile; fileRef = 05368DB5176AF41B00818E59 /* icon_genelgeler_default@2x.png */; };
		05368DC2176AF41B00818E59 /* icon_iletisim_default.png in Resources */ = {isa = PBXBuildFile; fileRef = 05368DB6176AF41B00818E59 /* icon_iletisim_default.png */; };
		05368DC3176AF41B00818E59 /* icon_iletisim_default@2x.png in Resources */ = {isa = PBXBuildFile; fileRef = 05368DB7176AF41B00818E59 /* icon_iletisim_default@2x.png */; };
		05368DC4176AF41B00818E59 /* icon_sandikbilgi_default.png in Resources */ = {isa = PBXBuildFile; fileRef = 05368DB8176AF41B00818E59 /* icon_sandikbilgi_default.png */; };
		05368DC5176AF41B00818E59 /* icon_sandikbilgi_default@2x.png in Resources */ = {isa = PBXBuildFile; fileRef = 05368DB9176AF41B00818E59 /* icon_sandikbilgi_default@2x.png */; };
		05368DC6176AF41B00818E59 /* icon_sandiksecmen_default.png in Resources */ = {isa = PBXBuildFile; fileRef = 05368DBA176AF41B00818E59 /* icon_sandiksecmen_default.png */; };
		05368DC7176AF41B00818E59 /* icon_sandiksecmen_default@2x.png in Resources */ = {isa = PBXBuildFile; fileRef = 05368DBB176AF41B00818E59 /* icon_sandiksecmen_default@2x.png */; };
		05368DC9176B32FC00818E59 /* dummy.jpg in Resources */ = {isa = PBXBuildFile; fileRef = 05368DC8176B32FC00818E59 /* dummy.jpg */; };
		0542688D1781A8E30058DC05 /* login_bg-568h@2x.jpg in Resources */ = {isa = PBXBuildFile; fileRef = 054268881781A8E30058DC05 /* login_bg-568h@2x.jpg */; };
		0542688E1781A8E30058DC05 /* login_bg.jpg in Resources */ = {isa = PBXBuildFile; fileRef = 054268891781A8E30058DC05 /* login_bg.jpg */; };
		0542688F1781A8E30058DC05 /* login_bg@2x.jpg in Resources */ = {isa = PBXBuildFile; fileRef = 0542688A1781A8E30058DC05 /* login_bg@2x.jpg */; };
		054268901781A8E30058DC05 /* login_logo.png in Resources */ = {isa = PBXBuildFile; fileRef = 0542688B1781A8E30058DC05 /* login_logo.png */; };
		054268911781A8E30058DC05 /* login_logo@2x.png in Resources */ = {isa = PBXBuildFile; fileRef = 0542688C1781A8E30058DC05 /* login_logo@2x.png */; };
		054268931781AEA60058DC05 /* QuartzCore.framework in Frameworks */ = {isa = PBXBuildFile; fileRef = 054268921781AEA60058DC05 /* QuartzCore.framework */; };
		058BFA641786E14D0087B6CD /* Icon-Small.png in Resources */ = {isa = PBXBuildFile; fileRef = 058BFA601786E14D0087B6CD /* Icon-Small.png */; };
		058BFA651786E14D0087B6CD /* Icon-Small@2x.png in Resources */ = {isa = PBXBuildFile; fileRef = 058BFA611786E14D0087B6CD /* Icon-Small@2x.png */; };
		058BFA661786E14D0087B6CD /* Icon.png in Resources */ = {isa = PBXBuildFile; fileRef = 058BFA621786E14D0087B6CD /* Icon.png */; };
		058BFA671786E14D0087B6CD /* Icon@2x.png in Resources */ = {isa = PBXBuildFile; fileRef = 058BFA631786E14D0087B6CD /* Icon@2x.png */; };
		05A522CC177C684500794851 /* SCSLoginViewController.m in Sources */ = {isa = PBXBuildFile; fileRef = 05A522CB177C684500794851 /* SCSLoginViewController.m */; };
		05CBBE54178455E300163EDF /* phone_highlighted.png in Resources */ = {isa = PBXBuildFile; fileRef = 05CBBE52178455E300163EDF /* phone_highlighted.png */; };
		05CBBE55178455E300163EDF /* phone_highlighted@2x.png in Resources */ = {isa = PBXBuildFile; fileRef = 05CBBE53178455E300163EDF /* phone_highlighted@2x.png */; };
		05CBBE571784597900163EDF /* dummy@2x.jpg in Resources */ = {isa = PBXBuildFile; fileRef = 05CBBE561784597900163EDF /* dummy@2x.jpg */; };
		05CBBE6917845C9900163EDF /* RNCryptor.m in Sources */ = {isa = PBXBuildFile; fileRef = 05CBBE5C17845C9900163EDF /* RNCryptor.m */; };
		05CBBE6A17845C9900163EDF /* RNCryptorEngine.m in Sources */ = {isa = PBXBuildFile; fileRef = 05CBBE5E17845C9900163EDF /* RNCryptorEngine.m */; };
		05CBBE6B17845C9900163EDF /* RNDecryptor.m in Sources */ = {isa = PBXBuildFile; fileRef = 05CBBE6017845C9900163EDF /* RNDecryptor.m */; };
		05CBBE6C17845C9900163EDF /* RNEncryptor.m in Sources */ = {isa = PBXBuildFile; fileRef = 05CBBE6217845C9900163EDF /* RNEncryptor.m */; };
		05CBBE6D17845C9900163EDF /* RNOpenSSLCryptor.m in Sources */ = {isa = PBXBuildFile; fileRef = 05CBBE6417845C9900163EDF /* RNOpenSSLCryptor.m */; };
		05CBBE6E17845C9900163EDF /* RNOpenSSLDecryptor.m in Sources */ = {isa = PBXBuildFile; fileRef = 05CBBE6617845C9900163EDF /* RNOpenSSLDecryptor.m */; };
		05CBBE6F17845C9900163EDF /* RNOpenSSLEncryptor.m in Sources */ = {isa = PBXBuildFile; fileRef = 05CBBE6817845C9900163EDF /* RNOpenSSLEncryptor.m */; };
		05CBBE7217859B2F00163EDF /* card_icon_mail.png in Resources */ = {isa = PBXBuildFile; fileRef = 05CBBE7017859B2F00163EDF /* card_icon_mail.png */; };
		05CBBE7317859B2F00163EDF /* card_icon_mail@2x.png in Resources */ = {isa = PBXBuildFile; fileRef = 05CBBE7117859B2F00163EDF /* card_icon_mail@2x.png */; };
		05CBBE771785A10600163EDF /* communication_highlighted.png in Resources */ = {isa = PBXBuildFile; fileRef = 05CBBE751785A10600163EDF /* communication_highlighted.png */; };
		05CBBE781785A10600163EDF /* communication_highlighted@2x.png in Resources */ = {isa = PBXBuildFile; fileRef = 05CBBE761785A10600163EDF /* communication_highlighted@2x.png */; };
		05CBBE7A1785B05D00163EDF /* MessageUI.framework in Frameworks */ = {isa = PBXBuildFile; fileRef = 05CBBE791785B05D00163EDF /* MessageUI.framework */; };
		05CE054717676144009955B8 /* UIKit.framework in Frameworks */ = {isa = PBXBuildFile; fileRef = 05CE054617676144009955B8 /* UIKit.framework */; };
		05CE054917676144009955B8 /* Foundation.framework in Frameworks */ = {isa = PBXBuildFile; fileRef = 05CE054817676144009955B8 /* Foundation.framework */; };
		05CE054B17676144009955B8 /* CoreGraphics.framework in Frameworks */ = {isa = PBXBuildFile; fileRef = 05CE054A17676144009955B8 /* CoreGraphics.framework */; };
		05CE055117676144009955B8 /* InfoPlist.strings in Resources */ = {isa = PBXBuildFile; fileRef = 05CE054F17676144009955B8 /* InfoPlist.strings */; };
		05CE055317676144009955B8 /* main.m in Sources */ = {isa = PBXBuildFile; fileRef = 05CE055217676144009955B8 /* main.m */; };
		05CE055717676144009955B8 /* SCSAppDelegate.m in Sources */ = {isa = PBXBuildFile; fileRef = 05CE055617676144009955B8 /* SCSAppDelegate.m */; };
		05CE055917676144009955B8 /* Default.png in Resources */ = {isa = PBXBuildFile; fileRef = 05CE055817676144009955B8 /* Default.png */; };
		05CE055B17676144009955B8 /* Default@2x.png in Resources */ = {isa = PBXBuildFile; fileRef = 05CE055A17676144009955B8 /* Default@2x.png */; };
		05CE055D17676144009955B8 /* Default-568h@2x.png in Resources */ = {isa = PBXBuildFile; fileRef = 05CE055C17676144009955B8 /* Default-568h@2x.png */; };
		05CE056017676144009955B8 /* MainStoryboard.storyboard in Resources */ = {isa = PBXBuildFile; fileRef = 05CE055E17676144009955B8 /* MainStoryboard.storyboard */; };
		05E354E01769D7DB00EC44F3 /* SCSViewController.m in Sources */ = {isa = PBXBuildFile; fileRef = 05E354DF1769D7DB00EC44F3 /* SCSViewController.m */; };
		05E354E51769D8E100EC44F3 /* SCSTopBar.m in Sources */ = {isa = PBXBuildFile; fileRef = 05E354E41769D8E100EC44F3 /* SCSTopBar.m */; };
		05E354E91769E47E00EC44F3 /* SWZ721L.TTF in Resources */ = {isa = PBXBuildFile; fileRef = 05E354E61769E47E00EC44F3 /* SWZ721L.TTF */; };
		05E354EA1769E47E00EC44F3 /* SWZ721M.TTF in Resources */ = {isa = PBXBuildFile; fileRef = 05E354E71769E47E00EC44F3 /* SWZ721M.TTF */; };
		05E354EB1769E47E00EC44F3 /* SWZ721T.TTF in Resources */ = {isa = PBXBuildFile; fileRef = 05E354E81769E47E00EC44F3 /* SWZ721T.TTF */; };
		05E355041769EEE800EC44F3 /* topbar_chp_logo.png in Resources */ = {isa = PBXBuildFile; fileRef = 05E354F81769EEE800EC44F3 /* topbar_chp_logo.png */; };
		05E3550A176A0FA900EC44F3 /* topbar_chp_logo@2x.png in Resources */ = {isa = PBXBuildFile; fileRef = 05E35507176A0FA900EC44F3 /* topbar_chp_logo@2x.png */; };
		05E3550B176A0FA900EC44F3 /* topbar_main_btn.jpg in Resources */ = {isa = PBXBuildFile; fileRef = 05E35508176A0FA900EC44F3 /* topbar_main_btn.jpg */; };
		05E3550C176A0FA900EC44F3 /* topbar_main_btn@2x.jpg in Resources */ = {isa = PBXBuildFile; fileRef = 05E35509176A0FA900EC44F3 /* topbar_main_btn@2x.jpg */; };
		05EE9BF9177C78AB00AFD09D /* NSData+Base64.m in Sources */ = {isa = PBXBuildFile; fileRef = 05EE9BE8177C78AB00AFD09D /* NSData+Base64.m */; };
		05EE9BFA177C78AB00AFD09D /* NSDate+RFC1123.m in Sources */ = {isa = PBXBuildFile; fileRef = 05EE9BEA177C78AB00AFD09D /* NSDate+RFC1123.m */; };
		05EE9BFB177C78AB00AFD09D /* NSDictionary+RequestEncoding.m in Sources */ = {isa = PBXBuildFile; fileRef = 05EE9BEC177C78AB00AFD09D /* NSDictionary+RequestEncoding.m */; };
		05EE9BFC177C78AB00AFD09D /* NSString+MKNetworkKitAdditions.m in Sources */ = {isa = PBXBuildFile; fileRef = 05EE9BEE177C78AB00AFD09D /* NSString+MKNetworkKitAdditions.m */; };
		05EE9BFD177C78AB00AFD09D /* UIAlertView+MKNetworkKitAdditions.m in Sources */ = {isa = PBXBuildFile; fileRef = 05EE9BF0177C78AB00AFD09D /* UIAlertView+MKNetworkKitAdditions.m */; };
		05EE9BFE177C78AB00AFD09D /* MKNetworkEngine.m in Sources */ = {isa = PBXBuildFile; fileRef = 05EE9BF2177C78AB00AFD09D /* MKNetworkEngine.m */; };
		05EE9BFF177C78AB00AFD09D /* MKNetworkOperation.m in Sources */ = {isa = PBXBuildFile; fileRef = 05EE9BF5177C78AB00AFD09D /* MKNetworkOperation.m */; };
		05EE9C00177C78AB00AFD09D /* Reachability.m in Sources */ = {isa = PBXBuildFile; fileRef = 05EE9BF8177C78AB00AFD09D /* Reachability.m */; };
		05EE9C03177C78CF00AFD09D /* APIManager.m in Sources */ = {isa = PBXBuildFile; fileRef = 05EE9C02177C78CF00AFD09D /* APIManager.m */; };
		05F4CED11769B3A400D3EA4F /* ECSlidingViewController.m in Sources */ = {isa = PBXBuildFile; fileRef = 05F4CECE1769B3A400D3EA4F /* ECSlidingViewController.m */; };
		05F4CED21769B3A400D3EA4F /* UIImage+ImageWithUIView.m in Sources */ = {isa = PBXBuildFile; fileRef = 05F4CED01769B3A400D3EA4F /* UIImage+ImageWithUIView.m */; };
		05F4CED81769B42700D3EA4F /* SCSMenuViewController.m in Sources */ = {isa = PBXBuildFile; fileRef = 05F4CED71769B42700D3EA4F /* SCSMenuViewController.m */; };
		05F4CEDB1769B49200D3EA4F /* SCSSlidingViewController.m in Sources */ = {isa = PBXBuildFile; fileRef = 05F4CEDA1769B49200D3EA4F /* SCSSlidingViewController.m */; };
		05F4CEDE1769B4A400D3EA4F /* SCSMainViewController.m in Sources */ = {isa = PBXBuildFile; fileRef = 05F4CEDD1769B4A400D3EA4F /* SCSMainViewController.m */; };
		AE0893221770476B003F782D /* PLACFileCache.m in Sources */ = {isa = PBXBuildFile; fileRef = AE0893211770476B003F782D /* PLACFileCache.m */; };
		AE08932517707CDB003F782D /* SCSPDFWebView.m in Sources */ = {isa = PBXBuildFile; fileRef = AE08932417707CDB003F782D /* SCSPDFWebView.m */; };
		AE40FDEB178315EB00B4918D /* pdf_webview_close_btn.jpg in Resources */ = {isa = PBXBuildFile; fileRef = AE40FDE5178315EB00B4918D /* pdf_webview_close_btn.jpg */; };
		AE40FDEC178315EB00B4918D /* pdf_webview_close_btn@2x.jpg in Resources */ = {isa = PBXBuildFile; fileRef = AE40FDE6178315EB00B4918D /* pdf_webview_close_btn@2x.jpg */; };
		AE40FDED178315EB00B4918D /* pdf_webview_mail_btn.jpg in Resources */ = {isa = PBXBuildFile; fileRef = AE40FDE7178315EB00B4918D /* pdf_webview_mail_btn.jpg */; };
		AE40FDEE178315EB00B4918D /* pdf_webview_mail_btn@2x.jpg in Resources */ = {isa = PBXBuildFile; fileRef = AE40FDE8178315EB00B4918D /* pdf_webview_mail_btn@2x.jpg */; };
		AE40FDEF178315EB00B4918D /* pdf_webview_print_btn.jpg in Resources */ = {isa = PBXBuildFile; fileRef = AE40FDE9178315EB00B4918D /* pdf_webview_print_btn.jpg */; };
		AE40FDF0178315EB00B4918D /* pdf_webview_print_btn@2x.jpg in Resources */ = {isa = PBXBuildFile; fileRef = AE40FDEA178315EB00B4918D /* pdf_webview_print_btn@2x.jpg */; };
		AE97091817855EDE00CBDB5E /* SCSSecmenCell.m in Sources */ = {isa = PBXBuildFile; fileRef = AE97091717855EDE00CBDB5E /* SCSSecmenCell.m */; };
		AE9E087A1781B660006AFDDE /* icon_doc.png in Resources */ = {isa = PBXBuildFile; fileRef = AE9E08781781B660006AFDDE /* icon_doc.png */; };
		AE9E087B1781B660006AFDDE /* icon_doc@2x.png in Resources */ = {isa = PBXBuildFile; fileRef = AE9E08791781B660006AFDDE /* icon_doc@2x.png */; };
		AEC5C03217903ACF00432535 /* icon_logout.png in Resources */ = {isa = PBXBuildFile; fileRef = AEC5C03017903ACF00432535 /* icon_logout.png */; };
		AEC5C03317903ACF00432535 /* icon_logout@2x.png in Resources */ = {isa = PBXBuildFile; fileRef = AEC5C03117903ACF00432535 /* icon_logout@2x.png */; };
		AEE559D6176AF36F00A019FC /* SCSEgitimDokumanlariViewController.m in Sources */ = {isa = PBXBuildFile; fileRef = AEE559D5176AF36F00A019FC /* SCSEgitimDokumanlariViewController.m */; };
		AEE559D9176AF3BD00A019FC /* SCSGenelgelerViewController.m in Sources */ = {isa = PBXBuildFile; fileRef = AEE559D8176AF3BC00A019FC /* SCSGenelgelerViewController.m */; };
		AEE559DC176AF40800A019FC /* SCSSandikBilgiKartiViewController.m in Sources */ = {isa = PBXBuildFile; fileRef = AEE559DB176AF40800A019FC /* SCSSandikBilgiKartiViewController.m */; };
		AEE559DF176AF43F00A019FC /* SCSSandikSecmenListesiViewController.m in Sources */ = {isa = PBXBuildFile; fileRef = AEE559DE176AF43F00A019FC /* SCSSandikSecmenListesiViewController.m */; };
		AEE559E2176AF49300A019FC /* SCSIletisimViewController.m in Sources */ = {isa = PBXBuildFile; fileRef = AEE559E1176AF49300A019FC /* SCSIletisimViewController.m */; };
		AEE559E5176AFAB100A019FC /* SCSMenuTableViewCell.m in Sources */ = {isa = PBXBuildFile; fileRef = AEE559E4176AFAB100A019FC /* SCSMenuTableViewCell.m */; };
		AEE559E8176B091000A019FC /* menu_header.png in Resources */ = {isa = PBXBuildFile; fileRef = AEE559E6176B090F00A019FC /* menu_header.png */; };
		AEE559E9176B091000A019FC /* menu_header@2x.png in Resources */ = {isa = PBXBuildFile; fileRef = AEE559E7176B091000A019FC /* menu_header@2x.png */; };
		AEE559EF176B30FB00A019FC /* SCSTableViewController.m in Sources */ = {isa = PBXBuildFile; fileRef = AEE559EE176B30FB00A019FC /* SCSTableViewController.m */; };
		AEE559F2176B3DF800A019FC /* SCSTablePdfCell.m in Sources */ = {isa = PBXBuildFile; fileRef = AEE559F1176B3DF800A019FC /* SCSTablePdfCell.m */; };
/* End PBXBuildFile section */

/* Begin PBXFileReference section */
		052D8F89177D9BF9003E9DDC /* SCSManager.h */ = {isa = PBXFileReference; fileEncoding = 4; lastKnownFileType = sourcecode.c.h; path = SCSManager.h; sourceTree = "<group>"; };
		052D8F8A177D9BF9003E9DDC /* SCSManager.m */ = {isa = PBXFileReference; fileEncoding = 4; lastKnownFileType = sourcecode.c.objc; path = SCSManager.m; sourceTree = "<group>"; };
		052D8F8C177DA438003E9DDC /* Security.framework */ = {isa = PBXFileReference; lastKnownFileType = wrapper.framework; name = Security.framework; path = System/Library/Frameworks/Security.framework; sourceTree = SDKROOT; };
		052D8F8E177DA46A003E9DDC /* SystemConfiguration.framework */ = {isa = PBXFileReference; lastKnownFileType = wrapper.framework; name = SystemConfiguration.framework; path = System/Library/Frameworks/SystemConfiguration.framework; sourceTree = SDKROOT; };
		05368DA4176AF41000818E59 /* card_bg.png */ = {isa = PBXFileReference; lastKnownFileType = image.png; path = card_bg.png; sourceTree = "<group>"; };
		05368DA5176AF41000818E59 /* card_bg@2x.png */ = {isa = PBXFileReference; lastKnownFileType = image.png; path = "card_bg@2x.png"; sourceTree = "<group>"; };
		05368DA6176AF41000818E59 /* card_icon_person.png */ = {isa = PBXFileReference; lastKnownFileType = image.png; path = card_icon_person.png; sourceTree = "<group>"; };
		05368DA7176AF41000818E59 /* card_icon_person@2x.png */ = {isa = PBXFileReference; lastKnownFileType = image.png; path = "card_icon_person@2x.png"; sourceTree = "<group>"; };
		05368DA8176AF41000818E59 /* card_icon_phone.png */ = {isa = PBXFileReference; lastKnownFileType = image.png; path = card_icon_phone.png; sourceTree = "<group>"; };
		05368DA9176AF41000818E59 /* card_icon_phone@2x.png */ = {isa = PBXFileReference; lastKnownFileType = image.png; path = "card_icon_phone@2x.png"; sourceTree = "<group>"; };
		05368DB0176AF41B00818E59 /* icon_card_default.png */ = {isa = PBXFileReference; lastKnownFileType = image.png; path = icon_card_default.png; sourceTree = "<group>"; };
		05368DB1176AF41B00818E59 /* icon_card_default@2x.png */ = {isa = PBXFileReference; lastKnownFileType = image.png; path = "icon_card_default@2x.png"; sourceTree = "<group>"; };
		05368DB2176AF41B00818E59 /* icon_egitim_default.png */ = {isa = PBXFileReference; lastKnownFileType = image.png; path = icon_egitim_default.png; sourceTree = "<group>"; };
		05368DB3176AF41B00818E59 /* icon_egitim_default@2x.png */ = {isa = PBXFileReference; lastKnownFileType = image.png; path = "icon_egitim_default@2x.png"; sourceTree = "<group>"; };
		05368DB4176AF41B00818E59 /* icon_genelgeler_default.png */ = {isa = PBXFileReference; lastKnownFileType = image.png; path = icon_genelgeler_default.png; sourceTree = "<group>"; };
		05368DB5176AF41B00818E59 /* icon_genelgeler_default@2x.png */ = {isa = PBXFileReference; lastKnownFileType = image.png; path = "icon_genelgeler_default@2x.png"; sourceTree = "<group>"; };
		05368DB6176AF41B00818E59 /* icon_iletisim_default.png */ = {isa = PBXFileReference; lastKnownFileType = image.png; path = icon_iletisim_default.png; sourceTree = "<group>"; };
		05368DB7176AF41B00818E59 /* icon_iletisim_default@2x.png */ = {isa = PBXFileReference; lastKnownFileType = image.png; path = "icon_iletisim_default@2x.png"; sourceTree = "<group>"; };
		05368DB8176AF41B00818E59 /* icon_sandikbilgi_default.png */ = {isa = PBXFileReference; lastKnownFileType = image.png; path = icon_sandikbilgi_default.png; sourceTree = "<group>"; };
		05368DB9176AF41B00818E59 /* icon_sandikbilgi_default@2x.png */ = {isa = PBXFileReference; lastKnownFileType = image.png; path = "icon_sandikbilgi_default@2x.png"; sourceTree = "<group>"; };
		05368DBA176AF41B00818E59 /* icon_sandiksecmen_default.png */ = {isa = PBXFileReference; lastKnownFileType = image.png; path = icon_sandiksecmen_default.png; sourceTree = "<group>"; };
		05368DBB176AF41B00818E59 /* icon_sandiksecmen_default@2x.png */ = {isa = PBXFileReference; lastKnownFileType = image.png; path = "icon_sandiksecmen_default@2x.png"; sourceTree = "<group>"; };
		05368DC8176B32FC00818E59 /* dummy.jpg */ = {isa = PBXFileReference; lastKnownFileType = image.jpeg; path = dummy.jpg; sourceTree = "<group>"; };
		054268881781A8E30058DC05 /* login_bg-568h@2x.jpg */ = {isa = PBXFileReference; lastKnownFileType = image.jpeg; path = "login_bg-568h@2x.jpg"; sourceTree = "<group>"; };
		054268891781A8E30058DC05 /* login_bg.jpg */ = {isa = PBXFileReference; lastKnownFileType = image.jpeg; path = login_bg.jpg; sourceTree = "<group>"; };
		0542688A1781A8E30058DC05 /* login_bg@2x.jpg */ = {isa = PBXFileReference; lastKnownFileType = image.jpeg; path = "login_bg@2x.jpg"; sourceTree = "<group>"; };
		0542688B1781A8E30058DC05 /* login_logo.png */ = {isa = PBXFileReference; lastKnownFileType = image.png; path = login_logo.png; sourceTree = "<group>"; };
		0542688C1781A8E30058DC05 /* login_logo@2x.png */ = {isa = PBXFileReference; lastKnownFileType = image.png; path = "login_logo@2x.png"; sourceTree = "<group>"; };
		054268921781AEA60058DC05 /* QuartzCore.framework */ = {isa = PBXFileReference; lastKnownFileType = wrapper.framework; name = QuartzCore.framework; path = System/Library/Frameworks/QuartzCore.framework; sourceTree = SDKROOT; };
		058BFA601786E14D0087B6CD /* Icon-Small.png */ = {isa = PBXFileReference; lastKnownFileType = image.png; path = "Icon-Small.png"; sourceTree = SOURCE_ROOT; };
		058BFA611786E14D0087B6CD /* Icon-Small@2x.png */ = {isa = PBXFileReference; lastKnownFileType = image.png; path = "Icon-Small@2x.png"; sourceTree = SOURCE_ROOT; };
		058BFA621786E14D0087B6CD /* Icon.png */ = {isa = PBXFileReference; lastKnownFileType = image.png; path = Icon.png; sourceTree = SOURCE_ROOT; };
		058BFA631786E14D0087B6CD /* Icon@2x.png */ = {isa = PBXFileReference; lastKnownFileType = image.png; path = "Icon@2x.png"; sourceTree = SOURCE_ROOT; };
		05A522CA177C684500794851 /* SCSLoginViewController.h */ = {isa = PBXFileReference; fileEncoding = 4; lastKnownFileType = sourcecode.c.h; name = SCSLoginViewController.h; path = ViewControllers/SCSLoginViewController.h; sourceTree = "<group>"; };
		05A522CB177C684500794851 /* SCSLoginViewController.m */ = {isa = PBXFileReference; fileEncoding = 4; lastKnownFileType = sourcecode.c.objc; name = SCSLoginViewController.m; path = ViewControllers/SCSLoginViewController.m; sourceTree = "<group>"; };
		05CBBE52178455E300163EDF /* phone_highlighted.png */ = {isa = PBXFileReference; lastKnownFileType = image.png; path = phone_highlighted.png; sourceTree = "<group>"; };
		05CBBE53178455E300163EDF /* phone_highlighted@2x.png */ = {isa = PBXFileReference; lastKnownFileType = image.png; path = "phone_highlighted@2x.png"; sourceTree = "<group>"; };
		05CBBE561784597900163EDF /* dummy@2x.jpg */ = {isa = PBXFileReference; lastKnownFileType = image.jpeg; path = "dummy@2x.jpg"; sourceTree = "<group>"; };
		05CBBE5917845C9900163EDF /* RNCryptor+Private.h */ = {isa = PBXFileReference; fileEncoding = 4; lastKnownFileType = sourcecode.c.h; path = "RNCryptor+Private.h"; sourceTree = "<group>"; };
		05CBBE5A17845C9900163EDF /* RNCryptor-Prefix.pch */ = {isa = PBXFileReference; fileEncoding = 4; lastKnownFileType = sourcecode.c.h; path = "RNCryptor-Prefix.pch"; sourceTree = "<group>"; };
		05CBBE5B17845C9900163EDF /* RNCryptor.h */ = {isa = PBXFileReference; fileEncoding = 4; lastKnownFileType = sourcecode.c.h; path = RNCryptor.h; sourceTree = "<group>"; };
		05CBBE5C17845C9900163EDF /* RNCryptor.m */ = {isa = PBXFileReference; fileEncoding = 4; lastKnownFileType = sourcecode.c.objc; path = RNCryptor.m; sourceTree = "<group>"; };
		05CBBE5D17845C9900163EDF /* RNCryptorEngine.h */ = {isa = PBXFileReference; fileEncoding = 4; lastKnownFileType = sourcecode.c.h; path = RNCryptorEngine.h; sourceTree = "<group>"; };
		05CBBE5E17845C9900163EDF /* RNCryptorEngine.m */ = {isa = PBXFileReference; fileEncoding = 4; lastKnownFileType = sourcecode.c.objc; path = RNCryptorEngine.m; sourceTree = "<group>"; };
		05CBBE5F17845C9900163EDF /* RNDecryptor.h */ = {isa = PBXFileReference; fileEncoding = 4; lastKnownFileType = sourcecode.c.h; path = RNDecryptor.h; sourceTree = "<group>"; };
		05CBBE6017845C9900163EDF /* RNDecryptor.m */ = {isa = PBXFileReference; fileEncoding = 4; lastKnownFileType = sourcecode.c.objc; path = RNDecryptor.m; sourceTree = "<group>"; };
		05CBBE6117845C9900163EDF /* RNEncryptor.h */ = {isa = PBXFileReference; fileEncoding = 4; lastKnownFileType = sourcecode.c.h; path = RNEncryptor.h; sourceTree = "<group>"; };
		05CBBE6217845C9900163EDF /* RNEncryptor.m */ = {isa = PBXFileReference; fileEncoding = 4; lastKnownFileType = sourcecode.c.objc; path = RNEncryptor.m; sourceTree = "<group>"; };
		05CBBE6317845C9900163EDF /* RNOpenSSLCryptor.h */ = {isa = PBXFileReference; fileEncoding = 4; lastKnownFileType = sourcecode.c.h; path = RNOpenSSLCryptor.h; sourceTree = "<group>"; };
		05CBBE6417845C9900163EDF /* RNOpenSSLCryptor.m */ = {isa = PBXFileReference; fileEncoding = 4; lastKnownFileType = sourcecode.c.objc; path = RNOpenSSLCryptor.m; sourceTree = "<group>"; };
		05CBBE6517845C9900163EDF /* RNOpenSSLDecryptor.h */ = {isa = PBXFileReference; fileEncoding = 4; lastKnownFileType = sourcecode.c.h; path = RNOpenSSLDecryptor.h; sourceTree = "<group>"; };
		05CBBE6617845C9900163EDF /* RNOpenSSLDecryptor.m */ = {isa = PBXFileReference; fileEncoding = 4; lastKnownFileType = sourcecode.c.objc; path = RNOpenSSLDecryptor.m; sourceTree = "<group>"; };
		05CBBE6717845C9900163EDF /* RNOpenSSLEncryptor.h */ = {isa = PBXFileReference; fileEncoding = 4; lastKnownFileType = sourcecode.c.h; path = RNOpenSSLEncryptor.h; sourceTree = "<group>"; };
		05CBBE6817845C9900163EDF /* RNOpenSSLEncryptor.m */ = {isa = PBXFileReference; fileEncoding = 4; lastKnownFileType = sourcecode.c.objc; path = RNOpenSSLEncryptor.m; sourceTree = "<group>"; };
		05CBBE7017859B2F00163EDF /* card_icon_mail.png */ = {isa = PBXFileReference; lastKnownFileType = image.png; path = card_icon_mail.png; sourceTree = "<group>"; };
		05CBBE7117859B2F00163EDF /* card_icon_mail@2x.png */ = {isa = PBXFileReference; lastKnownFileType = image.png; path = "card_icon_mail@2x.png"; sourceTree = "<group>"; };
		05CBBE751785A10600163EDF /* communication_highlighted.png */ = {isa = PBXFileReference; lastKnownFileType = image.png; path = communication_highlighted.png; sourceTree = "<group>"; };
		05CBBE761785A10600163EDF /* communication_highlighted@2x.png */ = {isa = PBXFileReference; lastKnownFileType = image.png; path = "communication_highlighted@2x.png"; sourceTree = "<group>"; };
		05CBBE791785B05D00163EDF /* MessageUI.framework */ = {isa = PBXFileReference; lastKnownFileType = wrapper.framework; name = MessageUI.framework; path = System/Library/Frameworks/MessageUI.framework; sourceTree = SDKROOT; };
		05CE054317676144009955B8 /* chp-scs.app */ = {isa = PBXFileReference; explicitFileType = wrapper.application; includeInIndex = 0; path = "chp-scs.app"; sourceTree = BUILT_PRODUCTS_DIR; };
		05CE054617676144009955B8 /* UIKit.framework */ = {isa = PBXFileReference; lastKnownFileType = wrapper.framework; name = UIKit.framework; path = System/Library/Frameworks/UIKit.framework; sourceTree = SDKROOT; };
		05CE054817676144009955B8 /* Foundation.framework */ = {isa = PBXFileReference; lastKnownFileType = wrapper.framework; name = Foundation.framework; path = System/Library/Frameworks/Foundation.framework; sourceTree = SDKROOT; };
		05CE054A17676144009955B8 /* CoreGraphics.framework */ = {isa = PBXFileReference; lastKnownFileType = wrapper.framework; name = CoreGraphics.framework; path = System/Library/Frameworks/CoreGraphics.framework; sourceTree = SDKROOT; };
		05CE054E17676144009955B8 /* CHP-SCS-Info.plist */ = {isa = PBXFileReference; lastKnownFileType = text.plist.xml; path = "CHP-SCS-Info.plist"; sourceTree = "<group>"; };
		05CE055017676144009955B8 /* en */ = {isa = PBXFileReference; lastKnownFileType = text.plist.strings; name = en; path = en.lproj/InfoPlist.strings; sourceTree = "<group>"; };
		05CE055217676144009955B8 /* main.m */ = {isa = PBXFileReference; lastKnownFileType = sourcecode.c.objc; path = main.m; sourceTree = "<group>"; };
		05CE055417676144009955B8 /* CHP-SCS-Prefix.pch */ = {isa = PBXFileReference; lastKnownFileType = sourcecode.c.h; path = "CHP-SCS-Prefix.pch"; sourceTree = "<group>"; };
		05CE055517676144009955B8 /* SCSAppDelegate.h */ = {isa = PBXFileReference; lastKnownFileType = sourcecode.c.h; path = SCSAppDelegate.h; sourceTree = "<group>"; };
		05CE055617676144009955B8 /* SCSAppDelegate.m */ = {isa = PBXFileReference; lastKnownFileType = sourcecode.c.objc; path = SCSAppDelegate.m; sourceTree = "<group>"; };
		05CE055817676144009955B8 /* Default.png */ = {isa = PBXFileReference; lastKnownFileType = image.png; path = Default.png; sourceTree = "<group>"; };
		05CE055A17676144009955B8 /* Default@2x.png */ = {isa = PBXFileReference; lastKnownFileType = image.png; path = "Default@2x.png"; sourceTree = "<group>"; };
		05CE055C17676144009955B8 /* Default-568h@2x.png */ = {isa = PBXFileReference; lastKnownFileType = image.png; path = "Default-568h@2x.png"; sourceTree = "<group>"; };
		05CE055F17676144009955B8 /* en */ = {isa = PBXFileReference; lastKnownFileType = file.storyboard; name = en; path = en.lproj/MainStoryboard.storyboard; sourceTree = "<group>"; };
		05E354DE1769D7DB00EC44F3 /* SCSViewController.h */ = {isa = PBXFileReference; fileEncoding = 4; lastKnownFileType = sourcecode.c.h; name = SCSViewController.h; path = ../ViewControllers/SCSViewController.h; sourceTree = "<group>"; };
		05E354DF1769D7DB00EC44F3 /* SCSViewController.m */ = {isa = PBXFileReference; fileEncoding = 4; lastKnownFileType = sourcecode.c.objc; name = SCSViewController.m; path = ../ViewControllers/SCSViewController.m; sourceTree = "<group>"; };
		05E354E31769D8E100EC44F3 /* SCSTopBar.h */ = {isa = PBXFileReference; fileEncoding = 4; lastKnownFileType = sourcecode.c.h; path = SCSTopBar.h; sourceTree = "<group>"; };
		05E354E41769D8E100EC44F3 /* SCSTopBar.m */ = {isa = PBXFileReference; fileEncoding = 4; lastKnownFileType = sourcecode.c.objc; path = SCSTopBar.m; sourceTree = "<group>"; };
		05E354E61769E47E00EC44F3 /* SWZ721L.TTF */ = {isa = PBXFileReference; lastKnownFileType = file; path = SWZ721L.TTF; sourceTree = "<group>"; };
		05E354E71769E47E00EC44F3 /* SWZ721M.TTF */ = {isa = PBXFileReference; lastKnownFileType = file; path = SWZ721M.TTF; sourceTree = "<group>"; };
		05E354E81769E47E00EC44F3 /* SWZ721T.TTF */ = {isa = PBXFileReference; lastKnownFileType = file; path = SWZ721T.TTF; sourceTree = "<group>"; };
		05E354F81769EEE800EC44F3 /* topbar_chp_logo.png */ = {isa = PBXFileReference; lastKnownFileType = image.png; path = topbar_chp_logo.png; sourceTree = "<group>"; };
		05E35507176A0FA900EC44F3 /* topbar_chp_logo@2x.png */ = {isa = PBXFileReference; lastKnownFileType = image.png; path = "topbar_chp_logo@2x.png"; sourceTree = "<group>"; };
		05E35508176A0FA900EC44F3 /* topbar_main_btn.jpg */ = {isa = PBXFileReference; lastKnownFileType = image.jpeg; path = topbar_main_btn.jpg; sourceTree = "<group>"; };
		05E35509176A0FA900EC44F3 /* topbar_main_btn@2x.jpg */ = {isa = PBXFileReference; lastKnownFileType = image.jpeg; path = "topbar_main_btn@2x.jpg"; sourceTree = "<group>"; };
		05EE9BE7177C78AB00AFD09D /* NSData+Base64.h */ = {isa = PBXFileReference; fileEncoding = 4; lastKnownFileType = sourcecode.c.h; path = "NSData+Base64.h"; sourceTree = "<group>"; };
		05EE9BE8177C78AB00AFD09D /* NSData+Base64.m */ = {isa = PBXFileReference; fileEncoding = 4; lastKnownFileType = sourcecode.c.objc; path = "NSData+Base64.m"; sourceTree = "<group>"; };
		05EE9BE9177C78AB00AFD09D /* NSDate+RFC1123.h */ = {isa = PBXFileReference; fileEncoding = 4; lastKnownFileType = sourcecode.c.h; path = "NSDate+RFC1123.h"; sourceTree = "<group>"; };
		05EE9BEA177C78AB00AFD09D /* NSDate+RFC1123.m */ = {isa = PBXFileReference; fileEncoding = 4; lastKnownFileType = sourcecode.c.objc; path = "NSDate+RFC1123.m"; sourceTree = "<group>"; };
		05EE9BEB177C78AB00AFD09D /* NSDictionary+RequestEncoding.h */ = {isa = PBXFileReference; fileEncoding = 4; lastKnownFileType = sourcecode.c.h; path = "NSDictionary+RequestEncoding.h"; sourceTree = "<group>"; };
		05EE9BEC177C78AB00AFD09D /* NSDictionary+RequestEncoding.m */ = {isa = PBXFileReference; fileEncoding = 4; lastKnownFileType = sourcecode.c.objc; path = "NSDictionary+RequestEncoding.m"; sourceTree = "<group>"; };
		05EE9BED177C78AB00AFD09D /* NSString+MKNetworkKitAdditions.h */ = {isa = PBXFileReference; fileEncoding = 4; lastKnownFileType = sourcecode.c.h; path = "NSString+MKNetworkKitAdditions.h"; sourceTree = "<group>"; };
		05EE9BEE177C78AB00AFD09D /* NSString+MKNetworkKitAdditions.m */ = {isa = PBXFileReference; fileEncoding = 4; lastKnownFileType = sourcecode.c.objc; path = "NSString+MKNetworkKitAdditions.m"; sourceTree = "<group>"; };
		05EE9BEF177C78AB00AFD09D /* UIAlertView+MKNetworkKitAdditions.h */ = {isa = PBXFileReference; fileEncoding = 4; lastKnownFileType = sourcecode.c.h; path = "UIAlertView+MKNetworkKitAdditions.h"; sourceTree = "<group>"; };
		05EE9BF0177C78AB00AFD09D /* UIAlertView+MKNetworkKitAdditions.m */ = {isa = PBXFileReference; fileEncoding = 4; lastKnownFileType = sourcecode.c.objc; path = "UIAlertView+MKNetworkKitAdditions.m"; sourceTree = "<group>"; };
		05EE9BF1177C78AB00AFD09D /* MKNetworkEngine.h */ = {isa = PBXFileReference; fileEncoding = 4; lastKnownFileType = sourcecode.c.h; path = MKNetworkEngine.h; sourceTree = "<group>"; };
		05EE9BF2177C78AB00AFD09D /* MKNetworkEngine.m */ = {isa = PBXFileReference; fileEncoding = 4; lastKnownFileType = sourcecode.c.objc; path = MKNetworkEngine.m; sourceTree = "<group>"; };
		05EE9BF3177C78AB00AFD09D /* MKNetworkKit.h */ = {isa = PBXFileReference; fileEncoding = 4; lastKnownFileType = sourcecode.c.h; path = MKNetworkKit.h; sourceTree = "<group>"; };
		05EE9BF4177C78AB00AFD09D /* MKNetworkOperation.h */ = {isa = PBXFileReference; fileEncoding = 4; lastKnownFileType = sourcecode.c.h; path = MKNetworkOperation.h; sourceTree = "<group>"; };
		05EE9BF5177C78AB00AFD09D /* MKNetworkOperation.m */ = {isa = PBXFileReference; fileEncoding = 4; lastKnownFileType = sourcecode.c.objc; path = MKNetworkOperation.m; sourceTree = "<group>"; };
		05EE9BF7177C78AB00AFD09D /* Reachability.h */ = {isa = PBXFileReference; fileEncoding = 4; lastKnownFileType = sourcecode.c.h; path = Reachability.h; sourceTree = "<group>"; };
		05EE9BF8177C78AB00AFD09D /* Reachability.m */ = {isa = PBXFileReference; fileEncoding = 4; lastKnownFileType = sourcecode.c.objc; path = Reachability.m; sourceTree = "<group>"; };
		05EE9C01177C78CF00AFD09D /* APIManager.h */ = {isa = PBXFileReference; fileEncoding = 4; lastKnownFileType = sourcecode.c.h; path = APIManager.h; sourceTree = "<group>"; };
		05EE9C02177C78CF00AFD09D /* APIManager.m */ = {isa = PBXFileReference; fileEncoding = 4; lastKnownFileType = sourcecode.c.objc; path = APIManager.m; sourceTree = "<group>"; };
		05F4CECD1769B3A400D3EA4F /* ECSlidingViewController.h */ = {isa = PBXFileReference; fileEncoding = 4; lastKnownFileType = sourcecode.c.h; path = ECSlidingViewController.h; sourceTree = "<group>"; };
		05F4CECE1769B3A400D3EA4F /* ECSlidingViewController.m */ = {isa = PBXFileReference; fileEncoding = 4; lastKnownFileType = sourcecode.c.objc; path = ECSlidingViewController.m; sourceTree = "<group>"; };
		05F4CECF1769B3A400D3EA4F /* UIImage+ImageWithUIView.h */ = {isa = PBXFileReference; fileEncoding = 4; lastKnownFileType = sourcecode.c.h; path = "UIImage+ImageWithUIView.h"; sourceTree = "<group>"; };
		05F4CED01769B3A400D3EA4F /* UIImage+ImageWithUIView.m */ = {isa = PBXFileReference; fileEncoding = 4; lastKnownFileType = sourcecode.c.objc; path = "UIImage+ImageWithUIView.m"; sourceTree = "<group>"; };
		05F4CED61769B42700D3EA4F /* SCSMenuViewController.h */ = {isa = PBXFileReference; fileEncoding = 4; lastKnownFileType = sourcecode.c.h; name = SCSMenuViewController.h; path = ViewControllers/SCSMenuViewController.h; sourceTree = "<group>"; };
		05F4CED71769B42700D3EA4F /* SCSMenuViewController.m */ = {isa = PBXFileReference; fileEncoding = 4; lastKnownFileType = sourcecode.c.objc; name = SCSMenuViewController.m; path = ViewControllers/SCSMenuViewController.m; sourceTree = "<group>"; };
		05F4CED91769B49200D3EA4F /* SCSSlidingViewController.h */ = {isa = PBXFileReference; fileEncoding = 4; lastKnownFileType = sourcecode.c.h; name = SCSSlidingViewController.h; path = ../ViewControllers/SCSSlidingViewController.h; sourceTree = "<group>"; };
		05F4CEDA1769B49200D3EA4F /* SCSSlidingViewController.m */ = {isa = PBXFileReference; fileEncoding = 4; lastKnownFileType = sourcecode.c.objc; name = SCSSlidingViewController.m; path = ../ViewControllers/SCSSlidingViewController.m; sourceTree = "<group>"; };
		05F4CEDC1769B4A400D3EA4F /* SCSMainViewController.h */ = {isa = PBXFileReference; fileEncoding = 4; lastKnownFileType = sourcecode.c.h; name = SCSMainViewController.h; path = ViewControllers/SCSMainViewController.h; sourceTree = "<group>"; };
		05F4CEDD1769B4A400D3EA4F /* SCSMainViewController.m */ = {isa = PBXFileReference; fileEncoding = 4; lastKnownFileType = sourcecode.c.objc; name = SCSMainViewController.m; path = ViewControllers/SCSMainViewController.m; sourceTree = "<group>"; };
		AE0893201770476B003F782D /* PLACFileCache.h */ = {isa = PBXFileReference; fileEncoding = 4; lastKnownFileType = sourcecode.c.h; path = PLACFileCache.h; sourceTree = "<group>"; };
		AE0893211770476B003F782D /* PLACFileCache.m */ = {isa = PBXFileReference; fileEncoding = 4; lastKnownFileType = sourcecode.c.objc; path = PLACFileCache.m; sourceTree = "<group>"; };
		AE08932317707CDB003F782D /* SCSPDFWebView.h */ = {isa = PBXFileReference; fileEncoding = 4; lastKnownFileType = sourcecode.c.h; path = SCSPDFWebView.h; sourceTree = "<group>"; };
		AE08932417707CDB003F782D /* SCSPDFWebView.m */ = {isa = PBXFileReference; fileEncoding = 4; lastKnownFileType = sourcecode.c.objc; path = SCSPDFWebView.m; sourceTree = "<group>"; };
		AE3950D41769E0A900F1EDCC /* TypeDefs.h */ = {isa = PBXFileReference; lastKnownFileType = sourcecode.c.h; path = TypeDefs.h; sourceTree = "<group>"; };
		AE40FDE5178315EB00B4918D /* pdf_webview_close_btn.jpg */ = {isa = PBXFileReference; lastKnownFileType = image.jpeg; path = pdf_webview_close_btn.jpg; sourceTree = "<group>"; };
		AE40FDE6178315EB00B4918D /* pdf_webview_close_btn@2x.jpg */ = {isa = PBXFileReference; lastKnownFileType = image.jpeg; path = "pdf_webview_close_btn@2x.jpg"; sourceTree = "<group>"; };
		AE40FDE7178315EB00B4918D /* pdf_webview_mail_btn.jpg */ = {isa = PBXFileReference; lastKnownFileType = image.jpeg; path = pdf_webview_mail_btn.jpg; sourceTree = "<group>"; };
		AE40FDE8178315EB00B4918D /* pdf_webview_mail_btn@2x.jpg */ = {isa = PBXFileReference; lastKnownFileType = image.jpeg; path = "pdf_webview_mail_btn@2x.jpg"; sourceTree = "<group>"; };
		AE40FDE9178315EB00B4918D /* pdf_webview_print_btn.jpg */ = {isa = PBXFileReference; lastKnownFileType = image.jpeg; path = pdf_webview_print_btn.jpg; sourceTree = "<group>"; };
		AE40FDEA178315EB00B4918D /* pdf_webview_print_btn@2x.jpg */ = {isa = PBXFileReference; lastKnownFileType = image.jpeg; path = "pdf_webview_print_btn@2x.jpg"; sourceTree = "<group>"; };
		AE71068017718CA900F93ED7 /* Config.h */ = {isa = PBXFileReference; lastKnownFileType = sourcecode.c.h; path = Config.h; sourceTree = "<group>"; };
		AE97091617855EDE00CBDB5E /* SCSSecmenCell.h */ = {isa = PBXFileReference; fileEncoding = 4; lastKnownFileType = sourcecode.c.h; path = SCSSecmenCell.h; sourceTree = "<group>"; };
		AE97091717855EDE00CBDB5E /* SCSSecmenCell.m */ = {isa = PBXFileReference; fileEncoding = 4; lastKnownFileType = sourcecode.c.objc; path = SCSSecmenCell.m; sourceTree = "<group>"; };
		AE9E08781781B660006AFDDE /* icon_doc.png */ = {isa = PBXFileReference; lastKnownFileType = image.png; path = icon_doc.png; sourceTree = "<group>"; };
		AE9E08791781B660006AFDDE /* icon_doc@2x.png */ = {isa = PBXFileReference; lastKnownFileType = image.png; path = "icon_doc@2x.png"; sourceTree = "<group>"; };
		AEC5C03017903ACF00432535 /* icon_logout.png */ = {isa = PBXFileReference; lastKnownFileType = image.png; path = icon_logout.png; sourceTree = "<group>"; };
		AEC5C03117903ACF00432535 /* icon_logout@2x.png */ = {isa = PBXFileReference; lastKnownFileType = image.png; path = "icon_logout@2x.png"; sourceTree = "<group>"; };
		AEE559D4176AF36E00A019FC /* SCSEgitimDokumanlariViewController.h */ = {isa = PBXFileReference; fileEncoding = 4; lastKnownFileType = sourcecode.c.h; name = SCSEgitimDokumanlariViewController.h; path = ViewControllers/SCSEgitimDokumanlariViewController.h; sourceTree = "<group>"; };
		AEE559D5176AF36F00A019FC /* SCSEgitimDokumanlariViewController.m */ = {isa = PBXFileReference; fileEncoding = 4; lastKnownFileType = sourcecode.c.objc; name = SCSEgitimDokumanlariViewController.m; path = ViewControllers/SCSEgitimDokumanlariViewController.m; sourceTree = "<group>"; };
		AEE559D7176AF3BC00A019FC /* SCSGenelgelerViewController.h */ = {isa = PBXFileReference; fileEncoding = 4; lastKnownFileType = sourcecode.c.h; name = SCSGenelgelerViewController.h; path = ViewControllers/SCSGenelgelerViewController.h; sourceTree = "<group>"; };
		AEE559D8176AF3BC00A019FC /* SCSGenelgelerViewController.m */ = {isa = PBXFileReference; fileEncoding = 4; lastKnownFileType = sourcecode.c.objc; name = SCSGenelgelerViewController.m; path = ViewControllers/SCSGenelgelerViewController.m; sourceTree = "<group>"; };
		AEE559DA176AF40800A019FC /* SCSSandikBilgiKartiViewController.h */ = {isa = PBXFileReference; fileEncoding = 4; lastKnownFileType = sourcecode.c.h; name = SCSSandikBilgiKartiViewController.h; path = ViewControllers/SCSSandikBilgiKartiViewController.h; sourceTree = "<group>"; };
		AEE559DB176AF40800A019FC /* SCSSandikBilgiKartiViewController.m */ = {isa = PBXFileReference; fileEncoding = 4; lastKnownFileType = sourcecode.c.objc; name = SCSSandikBilgiKartiViewController.m; path = ViewControllers/SCSSandikBilgiKartiViewController.m; sourceTree = "<group>"; };
		AEE559DD176AF43F00A019FC /* SCSSandikSecmenListesiViewController.h */ = {isa = PBXFileReference; fileEncoding = 4; lastKnownFileType = sourcecode.c.h; name = SCSSandikSecmenListesiViewController.h; path = ViewControllers/SCSSandikSecmenListesiViewController.h; sourceTree = "<group>"; };
		AEE559DE176AF43F00A019FC /* SCSSandikSecmenListesiViewController.m */ = {isa = PBXFileReference; fileEncoding = 4; lastKnownFileType = sourcecode.c.objc; name = SCSSandikSecmenListesiViewController.m; path = ViewControllers/SCSSandikSecmenListesiViewController.m; sourceTree = "<group>"; };
		AEE559E0176AF49300A019FC /* SCSIletisimViewController.h */ = {isa = PBXFileReference; fileEncoding = 4; lastKnownFileType = sourcecode.c.h; name = SCSIletisimViewController.h; path = ViewControllers/SCSIletisimViewController.h; sourceTree = "<group>"; };
		AEE559E1176AF49300A019FC /* SCSIletisimViewController.m */ = {isa = PBXFileReference; fileEncoding = 4; lastKnownFileType = sourcecode.c.objc; name = SCSIletisimViewController.m; path = ViewControllers/SCSIletisimViewController.m; sourceTree = "<group>"; };
		AEE559E3176AFAB100A019FC /* SCSMenuTableViewCell.h */ = {isa = PBXFileReference; fileEncoding = 4; lastKnownFileType = sourcecode.c.h; path = SCSMenuTableViewCell.h; sourceTree = "<group>"; };
		AEE559E4176AFAB100A019FC /* SCSMenuTableViewCell.m */ = {isa = PBXFileReference; fileEncoding = 4; lastKnownFileType = sourcecode.c.objc; path = SCSMenuTableViewCell.m; sourceTree = "<group>"; };
		AEE559E6176B090F00A019FC /* menu_header.png */ = {isa = PBXFileReference; lastKnownFileType = image.png; path = menu_header.png; sourceTree = "<group>"; };
		AEE559E7176B091000A019FC /* menu_header@2x.png */ = {isa = PBXFileReference; lastKnownFileType = image.png; path = "menu_header@2x.png"; sourceTree = "<group>"; };
		AEE559ED176B30FB00A019FC /* SCSTableViewController.h */ = {isa = PBXFileReference; fileEncoding = 4; lastKnownFileType = sourcecode.c.h; path = SCSTableViewController.h; sourceTree = "<group>"; };
		AEE559EE176B30FB00A019FC /* SCSTableViewController.m */ = {isa = PBXFileReference; fileEncoding = 4; lastKnownFileType = sourcecode.c.objc; path = SCSTableViewController.m; sourceTree = "<group>"; };
		AEE559F0176B3DF800A019FC /* SCSTablePdfCell.h */ = {isa = PBXFileReference; fileEncoding = 4; lastKnownFileType = sourcecode.c.h; path = SCSTablePdfCell.h; sourceTree = "<group>"; };
		AEE559F1176B3DF800A019FC /* SCSTablePdfCell.m */ = {isa = PBXFileReference; fileEncoding = 4; lastKnownFileType = sourcecode.c.objc; path = SCSTablePdfCell.m; sourceTree = "<group>"; };
/* End PBXFileReference section */

/* Begin PBXFrameworksBuildPhase section */
		05CE054017676144009955B8 /* Frameworks */ = {
			isa = PBXFrameworksBuildPhase;
			buildActionMask = 2147483647;
			files = (
				05CBBE7A1785B05D00163EDF /* MessageUI.framework in Frameworks */,
				054268931781AEA60058DC05 /* QuartzCore.framework in Frameworks */,
				052D8F8F177DA46A003E9DDC /* SystemConfiguration.framework in Frameworks */,
				052D8F8D177DA438003E9DDC /* Security.framework in Frameworks */,
				05CE054717676144009955B8 /* UIKit.framework in Frameworks */,
				05CE054917676144009955B8 /* Foundation.framework in Frameworks */,
				05CE054B17676144009955B8 /* CoreGraphics.framework in Frameworks */,
			);
			runOnlyForDeploymentPostprocessing = 0;
		};
/* End PBXFrameworksBuildPhase section */

/* Begin PBXGroup section */
		054268871781A8E30058DC05 /* login */ = {
			isa = PBXGroup;
			children = (
				054268881781A8E30058DC05 /* login_bg-568h@2x.jpg */,
				054268891781A8E30058DC05 /* login_bg.jpg */,
				0542688A1781A8E30058DC05 /* login_bg@2x.jpg */,
				0542688B1781A8E30058DC05 /* login_logo.png */,
				0542688C1781A8E30058DC05 /* login_logo@2x.png */,
			);
			path = login;
			sourceTree = "<group>";
		};
		05CBBE5817845C9900163EDF /* RNCryptor */ = {
			isa = PBXGroup;
			children = (
				05CBBE5917845C9900163EDF /* RNCryptor+Private.h */,
				05CBBE5A17845C9900163EDF /* RNCryptor-Prefix.pch */,
				05CBBE5B17845C9900163EDF /* RNCryptor.h */,
				05CBBE5C17845C9900163EDF /* RNCryptor.m */,
				05CBBE5D17845C9900163EDF /* RNCryptorEngine.h */,
				05CBBE5E17845C9900163EDF /* RNCryptorEngine.m */,
				05CBBE5F17845C9900163EDF /* RNDecryptor.h */,
				05CBBE6017845C9900163EDF /* RNDecryptor.m */,
				05CBBE6117845C9900163EDF /* RNEncryptor.h */,
				05CBBE6217845C9900163EDF /* RNEncryptor.m */,
				05CBBE6317845C9900163EDF /* RNOpenSSLCryptor.h */,
				05CBBE6417845C9900163EDF /* RNOpenSSLCryptor.m */,
				05CBBE6517845C9900163EDF /* RNOpenSSLDecryptor.h */,
				05CBBE6617845C9900163EDF /* RNOpenSSLDecryptor.m */,
				05CBBE6717845C9900163EDF /* RNOpenSSLEncryptor.h */,
				05CBBE6817845C9900163EDF /* RNOpenSSLEncryptor.m */,
			);
			path = RNCryptor;
			sourceTree = "<group>";
		};
		05CBBE741785A10600163EDF /* communication */ = {
			isa = PBXGroup;
			children = (
				05CBBE751785A10600163EDF /* communication_highlighted.png */,
				05CBBE761785A10600163EDF /* communication_highlighted@2x.png */,
			);
			path = communication;
			sourceTree = "<group>";
		};
		05CE053A17676144009955B8 = {
			isa = PBXGroup;
			children = (
				05CE054C17676144009955B8 /* CHP-SCS */,
				05CE054517676144009955B8 /* Frameworks */,
				05CE054417676144009955B8 /* Products */,
			);
			sourceTree = "<group>";
		};
		05CE054417676144009955B8 /* Products */ = {
			isa = PBXGroup;
			children = (
				05CE054317676144009955B8 /* chp-scs.app */,
			);
			name = Products;
			sourceTree = "<group>";
		};
		05CE054517676144009955B8 /* Frameworks */ = {
			isa = PBXGroup;
			children = (
				05CBBE791785B05D00163EDF /* MessageUI.framework */,
				054268921781AEA60058DC05 /* QuartzCore.framework */,
				052D8F8E177DA46A003E9DDC /* SystemConfiguration.framework */,
				052D8F8C177DA438003E9DDC /* Security.framework */,
				05CE054617676144009955B8 /* UIKit.framework */,
				05CE054817676144009955B8 /* Foundation.framework */,
				05CE054A17676144009955B8 /* CoreGraphics.framework */,
			);
			name = Frameworks;
			sourceTree = "<group>";
		};
		05CE054C17676144009955B8 /* CHP-SCS */ = {
			isa = PBXGroup;
			children = (
				05EE9C01177C78CF00AFD09D /* APIManager.h */,
				05EE9C02177C78CF00AFD09D /* APIManager.m */,
				AE3950D31769E08C00F1EDCC /* Common */,
				05E354E21769D8CC00EC44F3 /* Models */,
				05E354E11769D8AE00EC44F3 /* ViewControllers */,
				05CE055517676144009955B8 /* SCSAppDelegate.h */,
				05CE055617676144009955B8 /* SCSAppDelegate.m */,
				05CE055E17676144009955B8 /* MainStoryboard.storyboard */,
				05EE9BE5177C78AB00AFD09D /* MKNetworkKit */,
				AE08931F1770476B003F782D /* ExternalLibraries */,
				AE3950D51769E76600F1EDCC /* images */,
				05CE054D17676144009955B8 /* Supporting Files */,
			);
			path = "CHP-SCS";
			sourceTree = "<group>";
		};
		05CE054D17676144009955B8 /* Supporting Files */ = {
			isa = PBXGroup;
			children = (
				05CBBE5817845C9900163EDF /* RNCryptor */,
				05E354E61769E47E00EC44F3 /* SWZ721L.TTF */,
				05E354E71769E47E00EC44F3 /* SWZ721M.TTF */,
				05E354E81769E47E00EC44F3 /* SWZ721T.TTF */,
				05CE054E17676144009955B8 /* CHP-SCS-Info.plist */,
				05CE054F17676144009955B8 /* InfoPlist.strings */,
				05CE055217676144009955B8 /* main.m */,
				05CE055417676144009955B8 /* CHP-SCS-Prefix.pch */,
				05CE055817676144009955B8 /* Default.png */,
				05CE055A17676144009955B8 /* Default@2x.png */,
				05CE055C17676144009955B8 /* Default-568h@2x.png */,
				058BFA601786E14D0087B6CD /* Icon-Small.png */,
				058BFA611786E14D0087B6CD /* Icon-Small@2x.png */,
				058BFA621786E14D0087B6CD /* Icon.png */,
				058BFA631786E14D0087B6CD /* Icon@2x.png */,
			);
			name = "Supporting Files";
			sourceTree = "<group>";
		};
		05E354E11769D8AE00EC44F3 /* ViewControllers */ = {
			isa = PBXGroup;
			children = (
				05F4CECC1769B3A400D3EA4F /* ECSlidingViewController */,
				05F4CED61769B42700D3EA4F /* SCSMenuViewController.h */,
				05F4CED71769B42700D3EA4F /* SCSMenuViewController.m */,
				05F4CEDC1769B4A400D3EA4F /* SCSMainViewController.h */,
				05F4CEDD1769B4A400D3EA4F /* SCSMainViewController.m */,
				AEE559D4176AF36E00A019FC /* SCSEgitimDokumanlariViewController.h */,
				AEE559D5176AF36F00A019FC /* SCSEgitimDokumanlariViewController.m */,
				AEE559D7176AF3BC00A019FC /* SCSGenelgelerViewController.h */,
				AEE559D8176AF3BC00A019FC /* SCSGenelgelerViewController.m */,
				AEE559DA176AF40800A019FC /* SCSSandikBilgiKartiViewController.h */,
				AEE559DB176AF40800A019FC /* SCSSandikBilgiKartiViewController.m */,
				AEE559DD176AF43F00A019FC /* SCSSandikSecmenListesiViewController.h */,
				AEE559DE176AF43F00A019FC /* SCSSandikSecmenListesiViewController.m */,
				AEE559E0176AF49300A019FC /* SCSIletisimViewController.h */,
				AEE559E1176AF49300A019FC /* SCSIletisimViewController.m */,
				05A522CA177C684500794851 /* SCSLoginViewController.h */,
				05A522CB177C684500794851 /* SCSLoginViewController.m */,
			);
			name = ViewControllers;
			sourceTree = "<group>";
		};
		05E354E21769D8CC00EC44F3 /* Models */ = {
			isa = PBXGroup;
			children = (
				05E354E31769D8E100EC44F3 /* SCSTopBar.h */,
				05E354E41769D8E100EC44F3 /* SCSTopBar.m */,
				AEE559E3176AFAB100A019FC /* SCSMenuTableViewCell.h */,
				AEE559E4176AFAB100A019FC /* SCSMenuTableViewCell.m */,
				AEE559F0176B3DF800A019FC /* SCSTablePdfCell.h */,
				AEE559F1176B3DF800A019FC /* SCSTablePdfCell.m */,
				AE08932317707CDB003F782D /* SCSPDFWebView.h */,
				AE08932417707CDB003F782D /* SCSPDFWebView.m */,
				052D8F89177D9BF9003E9DDC /* SCSManager.h */,
				052D8F8A177D9BF9003E9DDC /* SCSManager.m */,
				AE97091617855EDE00CBDB5E /* SCSSecmenCell.h */,
				AE97091717855EDE00CBDB5E /* SCSSecmenCell.m */,
			);
			path = Models;
			sourceTree = "<group>";
		};
		05E354EC1769EEE800EC44F3 /* card */ = {
			isa = PBXGroup;
			children = (
				05CBBE52178455E300163EDF /* phone_highlighted.png */,
				05CBBE53178455E300163EDF /* phone_highlighted@2x.png */,
				05368DC8176B32FC00818E59 /* dummy.jpg */,
				05CBBE561784597900163EDF /* dummy@2x.jpg */,
				05368DA4176AF41000818E59 /* card_bg.png */,
				05368DA5176AF41000818E59 /* card_bg@2x.png */,
				05368DA6176AF41000818E59 /* card_icon_person.png */,
				05368DA7176AF41000818E59 /* card_icon_person@2x.png */,
				05368DA8176AF41000818E59 /* card_icon_phone.png */,
				05368DA9176AF41000818E59 /* card_icon_phone@2x.png */,
				05CBBE7017859B2F00163EDF /* card_icon_mail.png */,
				05CBBE7117859B2F00163EDF /* card_icon_mail@2x.png */,
			);
			path = card;
			sourceTree = "<group>";
		};
		05E354F01769EEE800EC44F3 /* menu */ = {
			isa = PBXGroup;
			children = (
				AEC5C03017903ACF00432535 /* icon_logout.png */,
				AEC5C03117903ACF00432535 /* icon_logout@2x.png */,
				AEE559E6176B090F00A019FC /* menu_header.png */,
				AEE559E7176B091000A019FC /* menu_header@2x.png */,
				05368DB0176AF41B00818E59 /* icon_card_default.png */,
				05368DB1176AF41B00818E59 /* icon_card_default@2x.png */,
				05368DB2176AF41B00818E59 /* icon_egitim_default.png */,
				05368DB3176AF41B00818E59 /* icon_egitim_default@2x.png */,
				05368DB4176AF41B00818E59 /* icon_genelgeler_default.png */,
				05368DB5176AF41B00818E59 /* icon_genelgeler_default@2x.png */,
				05368DB6176AF41B00818E59 /* icon_iletisim_default.png */,
				05368DB7176AF41B00818E59 /* icon_iletisim_default@2x.png */,
				05368DB8176AF41B00818E59 /* icon_sandikbilgi_default.png */,
				05368DB9176AF41B00818E59 /* icon_sandikbilgi_default@2x.png */,
				05368DBA176AF41B00818E59 /* icon_sandiksecmen_default.png */,
				05368DBB176AF41B00818E59 /* icon_sandiksecmen_default@2x.png */,
			);
			path = menu;
			sourceTree = "<group>";
		};
		05E354F71769EEE800EC44F3 /* topbar */ = {
			isa = PBXGroup;
			children = (
				05E354F81769EEE800EC44F3 /* topbar_chp_logo.png */,
				05E35507176A0FA900EC44F3 /* topbar_chp_logo@2x.png */,
				05E35508176A0FA900EC44F3 /* topbar_main_btn.jpg */,
				05E35509176A0FA900EC44F3 /* topbar_main_btn@2x.jpg */,
			);
			path = topbar;
			sourceTree = "<group>";
		};
		05EE9BE5177C78AB00AFD09D /* MKNetworkKit */ = {
			isa = PBXGroup;
			children = (
				05EE9BE6177C78AB00AFD09D /* Categories */,
				05EE9BF1177C78AB00AFD09D /* MKNetworkEngine.h */,
				05EE9BF2177C78AB00AFD09D /* MKNetworkEngine.m */,
				05EE9BF3177C78AB00AFD09D /* MKNetworkKit.h */,
				05EE9BF4177C78AB00AFD09D /* MKNetworkOperation.h */,
				05EE9BF5177C78AB00AFD09D /* MKNetworkOperation.m */,
				05EE9BF6177C78AB00AFD09D /* Reachability */,
			);
			path = MKNetworkKit;
			sourceTree = "<group>";
		};
		05EE9BE6177C78AB00AFD09D /* Categories */ = {
			isa = PBXGroup;
			children = (
				05EE9BE7177C78AB00AFD09D /* NSData+Base64.h */,
				05EE9BE8177C78AB00AFD09D /* NSData+Base64.m */,
				05EE9BE9177C78AB00AFD09D /* NSDate+RFC1123.h */,
				05EE9BEA177C78AB00AFD09D /* NSDate+RFC1123.m */,
				05EE9BEB177C78AB00AFD09D /* NSDictionary+RequestEncoding.h */,
				05EE9BEC177C78AB00AFD09D /* NSDictionary+RequestEncoding.m */,
				05EE9BED177C78AB00AFD09D /* NSString+MKNetworkKitAdditions.h */,
				05EE9BEE177C78AB00AFD09D /* NSString+MKNetworkKitAdditions.m */,
				05EE9BEF177C78AB00AFD09D /* UIAlertView+MKNetworkKitAdditions.h */,
				05EE9BF0177C78AB00AFD09D /* UIAlertView+MKNetworkKitAdditions.m */,
			);
			path = Categories;
			sourceTree = "<group>";
		};
		05EE9BF6177C78AB00AFD09D /* Reachability */ = {
			isa = PBXGroup;
			children = (
				05EE9BF7177C78AB00AFD09D /* Reachability.h */,
				05EE9BF8177C78AB00AFD09D /* Reachability.m */,
			);
			path = Reachability;
			sourceTree = "<group>";
		};
		05F4CECC1769B3A400D3EA4F /* ECSlidingViewController */ = {
			isa = PBXGroup;
			children = (
				05E354DE1769D7DB00EC44F3 /* SCSViewController.h */,
				05E354DF1769D7DB00EC44F3 /* SCSViewController.m */,
				05F4CED91769B49200D3EA4F /* SCSSlidingViewController.h */,
				05F4CEDA1769B49200D3EA4F /* SCSSlidingViewController.m */,
				05F4CECD1769B3A400D3EA4F /* ECSlidingViewController.h */,
				05F4CECE1769B3A400D3EA4F /* ECSlidingViewController.m */,
				05F4CECF1769B3A400D3EA4F /* UIImage+ImageWithUIView.h */,
				05F4CED01769B3A400D3EA4F /* UIImage+ImageWithUIView.m */,
				AEE559ED176B30FB00A019FC /* SCSTableViewController.h */,
				AEE559EE176B30FB00A019FC /* SCSTableViewController.m */,
			);
			path = ECSlidingViewController;
			sourceTree = "<group>";
		};
		AE08931F1770476B003F782D /* ExternalLibraries */ = {
			isa = PBXGroup;
			children = (
				AE0893201770476B003F782D /* PLACFileCache.h */,
				AE0893211770476B003F782D /* PLACFileCache.m */,
			);
			path = ExternalLibraries;
			sourceTree = "<group>";
		};
		AE3950D31769E08C00F1EDCC /* Common */ = {
			isa = PBXGroup;
			children = (
				AE3950D41769E0A900F1EDCC /* TypeDefs.h */,
				AE71068017718CA900F93ED7 /* Config.h */,
			);
			name = Common;
			sourceTree = "<group>";
		};
		AE3950D51769E76600F1EDCC /* images */ = {
			isa = PBXGroup;
			children = (
				05CBBE741785A10600163EDF /* communication */,
				AE40FDE4178315EB00B4918D /* pdf webview */,
				AE9E08771781B660006AFDDE /* pdf table */,
				054268871781A8E30058DC05 /* login */,
				05E354EC1769EEE800EC44F3 /* card */,
				05E354F01769EEE800EC44F3 /* menu */,
				05E354F71769EEE800EC44F3 /* topbar */,
			);
			path = images;
			sourceTree = "<group>";
		};
		AE40FDE4178315EB00B4918D /* pdf webview */ = {
			isa = PBXGroup;
			children = (
				AE40FDE5178315EB00B4918D /* pdf_webview_close_btn.jpg */,
				AE40FDE6178315EB00B4918D /* pdf_webview_close_btn@2x.jpg */,
				AE40FDE7178315EB00B4918D /* pdf_webview_mail_btn.jpg */,
				AE40FDE8178315EB00B4918D /* pdf_webview_mail_btn@2x.jpg */,
				AE40FDE9178315EB00B4918D /* pdf_webview_print_btn.jpg */,
				AE40FDEA178315EB00B4918D /* pdf_webview_print_btn@2x.jpg */,
			);
			path = "pdf webview";
			sourceTree = "<group>";
		};
		AE9E08771781B660006AFDDE /* pdf table */ = {
			isa = PBXGroup;
			children = (
				AE9E08781781B660006AFDDE /* icon_doc.png */,
				AE9E08791781B660006AFDDE /* icon_doc@2x.png */,
			);
			path = "pdf table";
			sourceTree = "<group>";
		};
/* End PBXGroup section */

/* Begin PBXNativeTarget section */
		05CE054217676144009955B8 /* CHP-SCS */ = {
			isa = PBXNativeTarget;
			buildConfigurationList = 05CE056617676144009955B8 /* Build configuration list for PBXNativeTarget "CHP-SCS" */;
			buildPhases = (
				05CE053F17676144009955B8 /* Sources */,
				05CE054017676144009955B8 /* Frameworks */,
				05CE054117676144009955B8 /* Resources */,
			);
			buildRules = (
			);
			dependencies = (
			);
			name = "CHP-SCS";
			productName = "CHP-SCS";
			productReference = 05CE054317676144009955B8 /* chp-scs.app */;
			productType = "com.apple.product-type.application";
		};
/* End PBXNativeTarget section */

/* Begin PBXProject section */
		05CE053B17676144009955B8 /* Project object */ = {
			isa = PBXProject;
			attributes = {
				CLASSPREFIX = SCS;
				LastUpgradeCheck = 0460;
				ORGANIZATIONNAME = Halici;
			};
			buildConfigurationList = 05CE053E17676144009955B8 /* Build configuration list for PBXProject "CHP-SCS" */;
			compatibilityVersion = "Xcode 3.2";
			developmentRegion = English;
			hasScannedForEncodings = 0;
			knownRegions = (
				en,
			);
			mainGroup = 05CE053A17676144009955B8;
			productRefGroup = 05CE054417676144009955B8 /* Products */;
			projectDirPath = "";
			projectRoot = "";
			targets = (
				05CE054217676144009955B8 /* CHP-SCS */,
			);
		};
/* End PBXProject section */

/* Begin PBXResourcesBuildPhase section */
		05CE054117676144009955B8 /* Resources */ = {
			isa = PBXResourcesBuildPhase;
			buildActionMask = 2147483647;
			files = (
				05CE055117676144009955B8 /* InfoPlist.strings in Resources */,
				05CE055917676144009955B8 /* Default.png in Resources */,
				05CE055B17676144009955B8 /* Default@2x.png in Resources */,
				05CE055D17676144009955B8 /* Default-568h@2x.png in Resources */,
				05CE056017676144009955B8 /* MainStoryboard.storyboard in Resources */,
				05E354E91769E47E00EC44F3 /* SWZ721L.TTF in Resources */,
				05E354EA1769E47E00EC44F3 /* SWZ721M.TTF in Resources */,
				05E354EB1769E47E00EC44F3 /* SWZ721T.TTF in Resources */,
				05E355041769EEE800EC44F3 /* topbar_chp_logo.png in Resources */,
				05E3550A176A0FA900EC44F3 /* topbar_chp_logo@2x.png in Resources */,
				05E3550B176A0FA900EC44F3 /* topbar_main_btn.jpg in Resources */,
				05E3550C176A0FA900EC44F3 /* topbar_main_btn@2x.jpg in Resources */,
				05368DAA176AF41000818E59 /* card_bg.png in Resources */,
				05368DAB176AF41000818E59 /* card_bg@2x.png in Resources */,
				05368DAC176AF41000818E59 /* card_icon_person.png in Resources */,
				05368DAD176AF41000818E59 /* card_icon_person@2x.png in Resources */,
				05368DAE176AF41000818E59 /* card_icon_phone.png in Resources */,
				05368DAF176AF41000818E59 /* card_icon_phone@2x.png in Resources */,
				05368DBC176AF41B00818E59 /* icon_card_default.png in Resources */,
				05368DBD176AF41B00818E59 /* icon_card_default@2x.png in Resources */,
				05368DBE176AF41B00818E59 /* icon_egitim_default.png in Resources */,
				05368DBF176AF41B00818E59 /* icon_egitim_default@2x.png in Resources */,
				05368DC0176AF41B00818E59 /* icon_genelgeler_default.png in Resources */,
				05368DC1176AF41B00818E59 /* icon_genelgeler_default@2x.png in Resources */,
				05368DC2176AF41B00818E59 /* icon_iletisim_default.png in Resources */,
				05368DC3176AF41B00818E59 /* icon_iletisim_default@2x.png in Resources */,
				05368DC4176AF41B00818E59 /* icon_sandikbilgi_default.png in Resources */,
				05368DC5176AF41B00818E59 /* icon_sandikbilgi_default@2x.png in Resources */,
				05368DC6176AF41B00818E59 /* icon_sandiksecmen_default.png in Resources */,
				05368DC7176AF41B00818E59 /* icon_sandiksecmen_default@2x.png in Resources */,
				AEE559E8176B091000A019FC /* menu_header.png in Resources */,
				AEE559E9176B091000A019FC /* menu_header@2x.png in Resources */,
				05368DC9176B32FC00818E59 /* dummy.jpg in Resources */,
				AE9E087A1781B660006AFDDE /* icon_doc.png in Resources */,
				AE9E087B1781B660006AFDDE /* icon_doc@2x.png in Resources */,
				0542688D1781A8E30058DC05 /* login_bg-568h@2x.jpg in Resources */,
				0542688E1781A8E30058DC05 /* login_bg.jpg in Resources */,
				0542688F1781A8E30058DC05 /* login_bg@2x.jpg in Resources */,
				054268901781A8E30058DC05 /* login_logo.png in Resources */,
				054268911781A8E30058DC05 /* login_logo@2x.png in Resources */,
				AE40FDEB178315EB00B4918D /* pdf_webview_close_btn.jpg in Resources */,
				AE40FDEC178315EB00B4918D /* pdf_webview_close_btn@2x.jpg in Resources */,
				AE40FDED178315EB00B4918D /* pdf_webview_mail_btn.jpg in Resources */,
				AE40FDEE178315EB00B4918D /* pdf_webview_mail_btn@2x.jpg in Resources */,
				AE40FDEF178315EB00B4918D /* pdf_webview_print_btn.jpg in Resources */,
				AE40FDF0178315EB00B4918D /* pdf_webview_print_btn@2x.jpg in Resources */,
				05CBBE54178455E300163EDF /* phone_highlighted.png in Resources */,
				05CBBE55178455E300163EDF /* phone_highlighted@2x.png in Resources */,
				05CBBE571784597900163EDF /* dummy@2x.jpg in Resources */,
				05CBBE7217859B2F00163EDF /* card_icon_mail.png in Resources */,
				05CBBE7317859B2F00163EDF /* card_icon_mail@2x.png in Resources */,
				05CBBE771785A10600163EDF /* communication_highlighted.png in Resources */,
				05CBBE781785A10600163EDF /* communication_highlighted@2x.png in Resources */,
				058BFA641786E14D0087B6CD /* Icon-Small.png in Resources */,
				058BFA651786E14D0087B6CD /* Icon-Small@2x.png in Resources */,
				058BFA661786E14D0087B6CD /* Icon.png in Resources */,
				058BFA671786E14D0087B6CD /* Icon@2x.png in Resources */,
				AEC5C03217903ACF00432535 /* icon_logout.png in Resources */,
				AEC5C03317903ACF00432535 /* icon_logout@2x.png in Resources */,
			);
			runOnlyForDeploymentPostprocessing = 0;
		};
/* End PBXResourcesBuildPhase section */

/* Begin PBXSourcesBuildPhase section */
		05CE053F17676144009955B8 /* Sources */ = {
			isa = PBXSourcesBuildPhase;
			buildActionMask = 2147483647;
			files = (
				05CE055317676144009955B8 /* main.m in Sources */,
				05CE055717676144009955B8 /* SCSAppDelegate.m in Sources */,
				05F4CED11769B3A400D3EA4F /* ECSlidingViewController.m in Sources */,
				05F4CED21769B3A400D3EA4F /* UIImage+ImageWithUIView.m in Sources */,
				05F4CED81769B42700D3EA4F /* SCSMenuViewController.m in Sources */,
				05F4CEDB1769B49200D3EA4F /* SCSSlidingViewController.m in Sources */,
				05F4CEDE1769B4A400D3EA4F /* SCSMainViewController.m in Sources */,
				05E354E01769D7DB00EC44F3 /* SCSViewController.m in Sources */,
				05E354E51769D8E100EC44F3 /* SCSTopBar.m in Sources */,
				AEE559D6176AF36F00A019FC /* SCSEgitimDokumanlariViewController.m in Sources */,
				AEE559D9176AF3BD00A019FC /* SCSGenelgelerViewController.m in Sources */,
				AEE559DC176AF40800A019FC /* SCSSandikBilgiKartiViewController.m in Sources */,
				AEE559DF176AF43F00A019FC /* SCSSandikSecmenListesiViewController.m in Sources */,
				AEE559E2176AF49300A019FC /* SCSIletisimViewController.m in Sources */,
				AEE559E5176AFAB100A019FC /* SCSMenuTableViewCell.m in Sources */,
				AEE559EF176B30FB00A019FC /* SCSTableViewController.m in Sources */,
				AEE559F2176B3DF800A019FC /* SCSTablePdfCell.m in Sources */,
				AE0893221770476B003F782D /* PLACFileCache.m in Sources */,
				AE08932517707CDB003F782D /* SCSPDFWebView.m in Sources */,
				05A522CC177C684500794851 /* SCSLoginViewController.m in Sources */,
				05EE9BF9177C78AB00AFD09D /* NSData+Base64.m in Sources */,
				05EE9BFA177C78AB00AFD09D /* NSDate+RFC1123.m in Sources */,
				05EE9BFB177C78AB00AFD09D /* NSDictionary+RequestEncoding.m in Sources */,
				05EE9BFC177C78AB00AFD09D /* NSString+MKNetworkKitAdditions.m in Sources */,
				05EE9BFD177C78AB00AFD09D /* UIAlertView+MKNetworkKitAdditions.m in Sources */,
				05EE9BFE177C78AB00AFD09D /* MKNetworkEngine.m in Sources */,
				05EE9BFF177C78AB00AFD09D /* MKNetworkOperation.m in Sources */,
				05EE9C00177C78AB00AFD09D /* Reachability.m in Sources */,
				05EE9C03177C78CF00AFD09D /* APIManager.m in Sources */,
				052D8F8B177D9BF9003E9DDC /* SCSManager.m in Sources */,
				05CBBE6917845C9900163EDF /* RNCryptor.m in Sources */,
				05CBBE6A17845C9900163EDF /* RNCryptorEngine.m in Sources */,
				05CBBE6B17845C9900163EDF /* RNDecryptor.m in Sources */,
				05CBBE6C17845C9900163EDF /* RNEncryptor.m in Sources */,
				05CBBE6D17845C9900163EDF /* RNOpenSSLCryptor.m in Sources */,
				05CBBE6E17845C9900163EDF /* RNOpenSSLDecryptor.m in Sources */,
				05CBBE6F17845C9900163EDF /* RNOpenSSLEncryptor.m in Sources */,
				AE97091817855EDE00CBDB5E /* SCSSecmenCell.m in Sources */,
			);
			runOnlyForDeploymentPostprocessing = 0;
		};
/* End PBXSourcesBuildPhase section */

/* Begin PBXVariantGroup section */
		05CE054F17676144009955B8 /* InfoPlist.strings */ = {
			isa = PBXVariantGroup;
			children = (
				05CE055017676144009955B8 /* en */,
			);
			name = InfoPlist.strings;
			sourceTree = "<group>";
		};
		05CE055E17676144009955B8 /* MainStoryboard.storyboard */ = {
			isa = PBXVariantGroup;
			children = (
				05CE055F17676144009955B8 /* en */,
			);
			name = MainStoryboard.storyboard;
			sourceTree = "<group>";
		};
/* End PBXVariantGroup section */

/* Begin XCBuildConfiguration section */
		05CE056417676144009955B8 /* Debug */ = {
			isa = XCBuildConfiguration;
			buildSettings = {
				ALWAYS_SEARCH_USER_PATHS = NO;
				CLANG_CXX_LANGUAGE_STANDARD = "gnu++0x";
				CLANG_CXX_LIBRARY = "libc++";
				CLANG_ENABLE_OBJC_ARC = YES;
				CLANG_WARN_CONSTANT_CONVERSION = YES;
				CLANG_WARN_EMPTY_BODY = YES;
				CLANG_WARN_ENUM_CONVERSION = YES;
				CLANG_WARN_INT_CONVERSION = YES;
				CLANG_WARN__DUPLICATE_METHOD_MATCH = YES;
				"CODE_SIGN_IDENTITY[sdk=iphoneos*]" = "iPhone Developer";
				COPY_PHASE_STRIP = NO;
				GCC_C_LANGUAGE_STANDARD = gnu99;
				GCC_DYNAMIC_NO_PIC = NO;
				GCC_OPTIMIZATION_LEVEL = 0;
				GCC_PREPROCESSOR_DEFINITIONS = (
					"DEBUG=1",
					"$(inherited)",
				);
				GCC_SYMBOLS_PRIVATE_EXTERN = NO;
				GCC_WARN_ABOUT_RETURN_TYPE = YES;
				GCC_WARN_UNINITIALIZED_AUTOS = YES;
				GCC_WARN_UNUSED_VARIABLE = YES;
				IPHONEOS_DEPLOYMENT_TARGET = 6.1;
				ONLY_ACTIVE_ARCH = YES;
				SDKROOT = iphoneos;
			};
			name = Debug;
		};
		05CE056517676144009955B8 /* Release */ = {
			isa = XCBuildConfiguration;
			buildSettings = {
				ALWAYS_SEARCH_USER_PATHS = NO;
				CLANG_CXX_LANGUAGE_STANDARD = "gnu++0x";
				CLANG_CXX_LIBRARY = "libc++";
				CLANG_ENABLE_OBJC_ARC = YES;
				CLANG_WARN_CONSTANT_CONVERSION = YES;
				CLANG_WARN_EMPTY_BODY = YES;
				CLANG_WARN_ENUM_CONVERSION = YES;
				CLANG_WARN_INT_CONVERSION = YES;
				CLANG_WARN__DUPLICATE_METHOD_MATCH = YES;
				"CODE_SIGN_IDENTITY[sdk=iphoneos*]" = "iPhone Developer";
				COPY_PHASE_STRIP = YES;
				GCC_C_LANGUAGE_STANDARD = gnu99;
				GCC_WARN_ABOUT_RETURN_TYPE = YES;
				GCC_WARN_UNINITIALIZED_AUTOS = YES;
				GCC_WARN_UNUSED_VARIABLE = YES;
				IPHONEOS_DEPLOYMENT_TARGET = 6.1;
				OTHER_CFLAGS = "-DNS_BLOCK_ASSERTIONS=1";
				SDKROOT = iphoneos;
				VALIDATE_PRODUCT = YES;
			};
			name = Release;
		};
		05CE056717676144009955B8 /* Debug */ = {
			isa = XCBuildConfiguration;
			buildSettings = {
				CODE_SIGN_IDENTITY = "iPhone Developer";
				"CODE_SIGN_IDENTITY[sdk=iphoneos*]" = "iPhone Developer";
				GCC_PRECOMPILE_PREFIX_HEADER = YES;
				GCC_PREFIX_HEADER = "CHP-SCS/CHP-SCS-Prefix.pch";
				INFOPLIST_FILE = "CHP-SCS/CHP-SCS-Info.plist";
				IPHONEOS_DEPLOYMENT_TARGET = 6.0;
				PRODUCT_NAME = "chp-scs";
				PROVISIONING_PROFILE = "";
				"PROVISIONING_PROFILE[sdk=iphoneos*]" = "";
				WRAPPER_EXTENSION = app;
			};
			name = Debug;
		};
		05CE056817676144009955B8 /* Release */ = {
			isa = XCBuildConfiguration;
			buildSettings = {
				CODE_SIGN_IDENTITY = "iPhone Developer";
				"CODE_SIGN_IDENTITY[sdk=iphoneos*]" = "iPhone Developer";
				GCC_PRECOMPILE_PREFIX_HEADER = YES;
				GCC_PREFIX_HEADER = "CHP-SCS/CHP-SCS-Prefix.pch";
				INFOPLIST_FILE = "CHP-SCS/CHP-SCS-Info.plist";
				IPHONEOS_DEPLOYMENT_TARGET = 6.0;
				PRODUCT_NAME = "chp-scs";
				PROVISIONING_PROFILE = "";
				"PROVISIONING_PROFILE[sdk=iphoneos*]" = "";
				WRAPPER_EXTENSION = app;
			};
			name = Release;
		};
/* End XCBuildConfiguration section */

/* Begin XCConfigurationList section */
		05CE053E17676144009955B8 /* Build configuration list for PBXProject "CHP-SCS" */ = {
			isa = XCConfigurationList;
			buildConfigurations = (
				05CE056417676144009955B8 /* Debug */,
				05CE056517676144009955B8 /* Release */,
			);
			defaultConfigurationIsVisible = 0;
			defaultConfigurationName = Release;
		};
		05CE056617676144009955B8 /* Build configuration list for PBXNativeTarget "CHP-SCS" */ = {
			isa = XCConfigurationList;
			buildConfigurations = (
				05CE056717676144009955B8 /* Debug */,
				05CE056817676144009955B8 /* Release */,
			);
			defaultConfigurationIsVisible = 0;
			defaultConfigurationName = Release;
		};
/* End XCConfigurationList section */
	};
	rootObject = 05CE053B17676144009955B8 /* Project object */;
}
