// !$*UTF8*$!
{
	archiveVersion = 1;
	classes = {
	};
	objectVersion = 46;
	objects = {

/* Begin PBXBuildFile section */
		05CE054717676144009955B8 /* UIKit.framework in Frameworks */ = {isa = PBXBuildFile; fileRef = 05CE054617676144009955B8 /* UIKit.framework */; };
		05CE054917676144009955B8 /* Foundation.framework in Frameworks */ = {isa = PBXBuildFile; fileRef = 05CE054817676144009955B8 /* Foundation.framework */; };
		05CE054B17676144009955B8 /* CoreGraphics.framework in Frameworks */ = {isa = PBXBuildFile; fileRef = 05CE054A17676144009955B8 /* CoreGraphics.framework */; };
		05CE055117676144009955B8 /* InfoPlist.strings in Resources */ = {isa = PBXBuildFile; fileRef = 05CE054F17676144009955B8 /* InfoPlist.strings */; };
		05CE055317676144009955B8 /* main.m in Sources */ = {isa = PBXBuildFile; fileRef = 05CE055217676144009955B8 /* main.m */; };
		05CE055717676144009955B8 /* SCSAppDelegate.m in Sources */ = {isa = PBXBuildFile; fileRef = 05CE055617676144009955B8 /* SCSAppDelegate.m */; };
		05CE055917676144009955B8 /* Default.png in Resources */ = {isa = PBXBuildFile; fileRef = 05CE055817676144009955B8 /* Default.png */; };
		05CE055B17676144009955B8 /* Default@2x.png in Resources */ = {isa = PBXBuildFile; fileRef = 05CE055A17676144009955B8 /* Default@2x.png */; };
		05CE055D17676144009955B8 /* Default-568h@2x.png in Resources */ = {isa = PBXBuildFile; fileRef = 05CE055C17676144009955B8 /* Default-568h@2x.png */; };
		05CE056017676144009955B8 /* MainStoryboard.storyboard in Resources */ = {isa = PBXBuildFile; fileRef = 05CE055E17676144009955B8 /* MainStoryboard.storyboard */; };
		05E354E01769D7DB00EC44F3 /* SCSViewController.m in Sources */ = {isa = PBXBuildFile; fileRef = 05E354DF1769D7DB00EC44F3 /* SCSViewController.m */; };
		05E354E51769D8E100EC44F3 /* SCSTopBar.m in Sources */ = {isa = PBXBuildFile; fileRef = 05E354E41769D8E100EC44F3 /* SCSTopBar.m */; };
		05E354E91769E47E00EC44F3 /* SWZ721L.TTF in Resources */ = {isa = PBXBuildFile; fileRef = 05E354E61769E47E00EC44F3 /* SWZ721L.TTF */; };
		05E354EA1769E47E00EC44F3 /* SWZ721M.TTF in Resources */ = {isa = PBXBuildFile; fileRef = 05E354E71769E47E00EC44F3 /* SWZ721M.TTF */; };
		05E354EB1769E47E00EC44F3 /* SWZ721T.TTF in Resources */ = {isa = PBXBuildFile; fileRef = 05E354E81769E47E00EC44F3 /* SWZ721T.TTF */; };
		05E354FB1769EEE800EC44F3 /* card_bg.png in Resources */ = {isa = PBXBuildFile; fileRef = 05E354ED1769EEE800EC44F3 /* card_bg.png */; };
		05E354FC1769EEE800EC44F3 /* card_icon_person.png in Resources */ = {isa = PBXBuildFile; fileRef = 05E354EE1769EEE800EC44F3 /* card_icon_person.png */; };
		05E354FD1769EEE800EC44F3 /* card_icon_phone.png in Resources */ = {isa = PBXBuildFile; fileRef = 05E354EF1769EEE800EC44F3 /* card_icon_phone.png */; };
		05E354FE1769EEE800EC44F3 /* icon_card_default.png in Resources */ = {isa = PBXBuildFile; fileRef = 05E354F11769EEE800EC44F3 /* icon_card_default.png */; };
		05E354FF1769EEE800EC44F3 /* icon_egitim_default.png in Resources */ = {isa = PBXBuildFile; fileRef = 05E354F21769EEE800EC44F3 /* icon_egitim_default.png */; };
		05E355001769EEE800EC44F3 /* icon_genelgeler_default.png in Resources */ = {isa = PBXBuildFile; fileRef = 05E354F31769EEE800EC44F3 /* icon_genelgeler_default.png */; };
		05E355011769EEE800EC44F3 /* icon_iletisim_default.png in Resources */ = {isa = PBXBuildFile; fileRef = 05E354F41769EEE800EC44F3 /* icon_iletisim_default.png */; };
		05E355021769EEE800EC44F3 /* icon_sandikbilgi_default.png in Resources */ = {isa = PBXBuildFile; fileRef = 05E354F51769EEE800EC44F3 /* icon_sandikbilgi_default.png */; };
		05E355031769EEE800EC44F3 /* icon_sandiksecmen_default.png in Resources */ = {isa = PBXBuildFile; fileRef = 05E354F61769EEE800EC44F3 /* icon_sandiksecmen_default.png */; };
		05E355041769EEE800EC44F3 /* topbar_chp_logo.png in Resources */ = {isa = PBXBuildFile; fileRef = 05E354F81769EEE800EC44F3 /* topbar_chp_logo.png */; };
		05E3550A176A0FA900EC44F3 /* topbar_chp_logo@2x.png in Resources */ = {isa = PBXBuildFile; fileRef = 05E35507176A0FA900EC44F3 /* topbar_chp_logo@2x.png */; };
		05E3550B176A0FA900EC44F3 /* topbar_main_btn.jpg in Resources */ = {isa = PBXBuildFile; fileRef = 05E35508176A0FA900EC44F3 /* topbar_main_btn.jpg */; };
		05E3550C176A0FA900EC44F3 /* topbar_main_btn@2x.jpg in Resources */ = {isa = PBXBuildFile; fileRef = 05E35509176A0FA900EC44F3 /* topbar_main_btn@2x.jpg */; };
		05E3550E176A0FB300EC44F3 /* card_bg@2x.png in Resources */ = {isa = PBXBuildFile; fileRef = 05E3550D176A0FB300EC44F3 /* card_bg@2x.png */; };
		05F4CED11769B3A400D3EA4F /* ECSlidingViewController.m in Sources */ = {isa = PBXBuildFile; fileRef = 05F4CECE1769B3A400D3EA4F /* ECSlidingViewController.m */; };
		05F4CED21769B3A400D3EA4F /* UIImage+ImageWithUIView.m in Sources */ = {isa = PBXBuildFile; fileRef = 05F4CED01769B3A400D3EA4F /* UIImage+ImageWithUIView.m */; };
		05F4CED81769B42700D3EA4F /* SCSMenuViewController.m in Sources */ = {isa = PBXBuildFile; fileRef = 05F4CED71769B42700D3EA4F /* SCSMenuViewController.m */; };
		05F4CEDB1769B49200D3EA4F /* SCSSlidingViewController.m in Sources */ = {isa = PBXBuildFile; fileRef = 05F4CEDA1769B49200D3EA4F /* SCSSlidingViewController.m */; };
		05F4CEDE1769B4A400D3EA4F /* SCSMainViewController.m in Sources */ = {isa = PBXBuildFile; fileRef = 05F4CEDD1769B4A400D3EA4F /* SCSMainViewController.m */; };
		AE3950D71769E76600F1EDCC /* queen.jpg in Resources */ = {isa = PBXBuildFile; fileRef = AE3950D61769E76600F1EDCC /* queen.jpg */; };
		AEE559D6176AF36F00A019FC /* SCSEgitimDokumanlariViewController.m in Sources */ = {isa = PBXBuildFile; fileRef = AEE559D5176AF36F00A019FC /* SCSEgitimDokumanlariViewController.m */; };
		AEE559D9176AF3BD00A019FC /* SCSGenelgelerViewController.m in Sources */ = {isa = PBXBuildFile; fileRef = AEE559D8176AF3BC00A019FC /* SCSGenelgelerViewController.m */; };
		AEE559DC176AF40800A019FC /* SCSSandikBilgiKartiViewController.m in Sources */ = {isa = PBXBuildFile; fileRef = AEE559DB176AF40800A019FC /* SCSSandikBilgiKartiViewController.m */; };
		AEE559DF176AF43F00A019FC /* SCSSandikSecmenListesiViewController.m in Sources */ = {isa = PBXBuildFile; fileRef = AEE559DE176AF43F00A019FC /* SCSSandikSecmenListesiViewController.m */; };
		AEE559E2176AF49300A019FC /* SCSIletisimViewController.m in Sources */ = {isa = PBXBuildFile; fileRef = AEE559E1176AF49300A019FC /* SCSIletisimViewController.m */; };
/* End PBXBuildFile section */

/* Begin PBXFileReference section */
		05CE054317676144009955B8 /* chp-scs.app */ = {isa = PBXFileReference; explicitFileType = wrapper.application; includeInIndex = 0; path = "chp-scs.app"; sourceTree = BUILT_PRODUCTS_DIR; };
		05CE054617676144009955B8 /* UIKit.framework */ = {isa = PBXFileReference; lastKnownFileType = wrapper.framework; name = UIKit.framework; path = System/Library/Frameworks/UIKit.framework; sourceTree = SDKROOT; };
		05CE054817676144009955B8 /* Foundation.framework */ = {isa = PBXFileReference; lastKnownFileType = wrapper.framework; name = Foundation.framework; path = System/Library/Frameworks/Foundation.framework; sourceTree = SDKROOT; };
		05CE054A17676144009955B8 /* CoreGraphics.framework */ = {isa = PBXFileReference; lastKnownFileType = wrapper.framework; name = CoreGraphics.framework; path = System/Library/Frameworks/CoreGraphics.framework; sourceTree = SDKROOT; };
		05CE054E17676144009955B8 /* CHP-SCS-Info.plist */ = {isa = PBXFileReference; lastKnownFileType = text.plist.xml; path = "CHP-SCS-Info.plist"; sourceTree = "<group>"; };
		05CE055017676144009955B8 /* en */ = {isa = PBXFileReference; lastKnownFileType = text.plist.strings; name = en; path = en.lproj/InfoPlist.strings; sourceTree = "<group>"; };
		05CE055217676144009955B8 /* main.m */ = {isa = PBXFileReference; lastKnownFileType = sourcecode.c.objc; path = main.m; sourceTree = "<group>"; };
		05CE055417676144009955B8 /* CHP-SCS-Prefix.pch */ = {isa = PBXFileReference; lastKnownFileType = sourcecode.c.h; path = "CHP-SCS-Prefix.pch"; sourceTree = "<group>"; };
		05CE055517676144009955B8 /* SCSAppDelegate.h */ = {isa = PBXFileReference; lastKnownFileType = sourcecode.c.h; path = SCSAppDelegate.h; sourceTree = "<group>"; };
		05CE055617676144009955B8 /* SCSAppDelegate.m */ = {isa = PBXFileReference; lastKnownFileType = sourcecode.c.objc; path = SCSAppDelegate.m; sourceTree = "<group>"; };
		05CE055817676144009955B8 /* Default.png */ = {isa = PBXFileReference; lastKnownFileType = image.png; path = Default.png; sourceTree = "<group>"; };
		05CE055A17676144009955B8 /* Default@2x.png */ = {isa = PBXFileReference; lastKnownFileType = image.png; path = "Default@2x.png"; sourceTree = "<group>"; };
		05CE055C17676144009955B8 /* Default-568h@2x.png */ = {isa = PBXFileReference; lastKnownFileType = image.png; path = "Default-568h@2x.png"; sourceTree = "<group>"; };
		05CE055F17676144009955B8 /* en */ = {isa = PBXFileReference; lastKnownFileType = file.storyboard; name = en; path = en.lproj/MainStoryboard.storyboard; sourceTree = "<group>"; };
		05E354DE1769D7DB00EC44F3 /* SCSViewController.h */ = {isa = PBXFileReference; fileEncoding = 4; lastKnownFileType = sourcecode.c.h; name = SCSViewController.h; path = ../ViewControllers/SCSViewController.h; sourceTree = "<group>"; };
		05E354DF1769D7DB00EC44F3 /* SCSViewController.m */ = {isa = PBXFileReference; fileEncoding = 4; lastKnownFileType = sourcecode.c.objc; name = SCSViewController.m; path = ../ViewControllers/SCSViewController.m; sourceTree = "<group>"; };
		05E354E31769D8E100EC44F3 /* SCSTopBar.h */ = {isa = PBXFileReference; fileEncoding = 4; lastKnownFileType = sourcecode.c.h; path = SCSTopBar.h; sourceTree = "<group>"; };
		05E354E41769D8E100EC44F3 /* SCSTopBar.m */ = {isa = PBXFileReference; fileEncoding = 4; lastKnownFileType = sourcecode.c.objc; path = SCSTopBar.m; sourceTree = "<group>"; };
		05E354E61769E47E00EC44F3 /* SWZ721L.TTF */ = {isa = PBXFileReference; lastKnownFileType = file; path = SWZ721L.TTF; sourceTree = "<group>"; };
		05E354E71769E47E00EC44F3 /* SWZ721M.TTF */ = {isa = PBXFileReference; lastKnownFileType = file; path = SWZ721M.TTF; sourceTree = "<group>"; };
		05E354E81769E47E00EC44F3 /* SWZ721T.TTF */ = {isa = PBXFileReference; lastKnownFileType = file; path = SWZ721T.TTF; sourceTree = "<group>"; };
		05E354ED1769EEE800EC44F3 /* card_bg.png */ = {isa = PBXFileReference; lastKnownFileType = image.png; path = card_bg.png; sourceTree = "<group>"; };
		05E354EE1769EEE800EC44F3 /* card_icon_person.png */ = {isa = PBXFileReference; lastKnownFileType = image.png; path = card_icon_person.png; sourceTree = "<group>"; };
		05E354EF1769EEE800EC44F3 /* card_icon_phone.png */ = {isa = PBXFileReference; lastKnownFileType = image.png; path = card_icon_phone.png; sourceTree = "<group>"; };
		05E354F11769EEE800EC44F3 /* icon_card_default.png */ = {isa = PBXFileReference; lastKnownFileType = image.png; path = icon_card_default.png; sourceTree = "<group>"; };
		05E354F21769EEE800EC44F3 /* icon_egitim_default.png */ = {isa = PBXFileReference; lastKnownFileType = image.png; path = icon_egitim_default.png; sourceTree = "<group>"; };
		05E354F31769EEE800EC44F3 /* icon_genelgeler_default.png */ = {isa = PBXFileReference; lastKnownFileType = image.png; path = icon_genelgeler_default.png; sourceTree = "<group>"; };
		05E354F41769EEE800EC44F3 /* icon_iletisim_default.png */ = {isa = PBXFileReference; lastKnownFileType = image.png; path = icon_iletisim_default.png; sourceTree = "<group>"; };
		05E354F51769EEE800EC44F3 /* icon_sandikbilgi_default.png */ = {isa = PBXFileReference; lastKnownFileType = image.png; path = icon_sandikbilgi_default.png; sourceTree = "<group>"; };
		05E354F61769EEE800EC44F3 /* icon_sandiksecmen_default.png */ = {isa = PBXFileReference; lastKnownFileType = image.png; path = icon_sandiksecmen_default.png; sourceTree = "<group>"; };
		05E354F81769EEE800EC44F3 /* topbar_chp_logo.png */ = {isa = PBXFileReference; lastKnownFileType = image.png; path = topbar_chp_logo.png; sourceTree = "<group>"; };
		05E35507176A0FA900EC44F3 /* topbar_chp_logo@2x.png */ = {isa = PBXFileReference; lastKnownFileType = image.png; path = "topbar_chp_logo@2x.png"; sourceTree = "<group>"; };
		05E35508176A0FA900EC44F3 /* topbar_main_btn.jpg */ = {isa = PBXFileReference; lastKnownFileType = image.jpeg; path = topbar_main_btn.jpg; sourceTree = "<group>"; };
		05E35509176A0FA900EC44F3 /* topbar_main_btn@2x.jpg */ = {isa = PBXFileReference; lastKnownFileType = image.jpeg; path = "topbar_main_btn@2x.jpg"; sourceTree = "<group>"; };
		05E3550D176A0FB300EC44F3 /* card_bg@2x.png */ = {isa = PBXFileReference; lastKnownFileType = image.png; path = "card_bg@2x.png"; sourceTree = "<group>"; };
		05F4CECD1769B3A400D3EA4F /* ECSlidingViewController.h */ = {isa = PBXFileReference; fileEncoding = 4; lastKnownFileType = sourcecode.c.h; path = ECSlidingViewController.h; sourceTree = "<group>"; };
		05F4CECE1769B3A400D3EA4F /* ECSlidingViewController.m */ = {isa = PBXFileReference; fileEncoding = 4; lastKnownFileType = sourcecode.c.objc; path = ECSlidingViewController.m; sourceTree = "<group>"; };
		05F4CECF1769B3A400D3EA4F /* UIImage+ImageWithUIView.h */ = {isa = PBXFileReference; fileEncoding = 4; lastKnownFileType = sourcecode.c.h; path = "UIImage+ImageWithUIView.h"; sourceTree = "<group>"; };
		05F4CED01769B3A400D3EA4F /* UIImage+ImageWithUIView.m */ = {isa = PBXFileReference; fileEncoding = 4; lastKnownFileType = sourcecode.c.objc; path = "UIImage+ImageWithUIView.m"; sourceTree = "<group>"; };
		05F4CED61769B42700D3EA4F /* SCSMenuViewController.h */ = {isa = PBXFileReference; fileEncoding = 4; lastKnownFileType = sourcecode.c.h; name = SCSMenuViewController.h; path = ViewControllers/SCSMenuViewController.h; sourceTree = "<group>"; };
		05F4CED71769B42700D3EA4F /* SCSMenuViewController.m */ = {isa = PBXFileReference; fileEncoding = 4; lastKnownFileType = sourcecode.c.objc; name = SCSMenuViewController.m; path = ViewControllers/SCSMenuViewController.m; sourceTree = "<group>"; };
		05F4CED91769B49200D3EA4F /* SCSSlidingViewController.h */ = {isa = PBXFileReference; fileEncoding = 4; lastKnownFileType = sourcecode.c.h; name = SCSSlidingViewController.h; path = ../ViewControllers/SCSSlidingViewController.h; sourceTree = "<group>"; };
		05F4CEDA1769B49200D3EA4F /* SCSSlidingViewController.m */ = {isa = PBXFileReference; fileEncoding = 4; lastKnownFileType = sourcecode.c.objc; name = SCSSlidingViewController.m; path = ../ViewControllers/SCSSlidingViewController.m; sourceTree = "<group>"; };
		05F4CEDC1769B4A400D3EA4F /* SCSMainViewController.h */ = {isa = PBXFileReference; fileEncoding = 4; lastKnownFileType = sourcecode.c.h; name = SCSMainViewController.h; path = ViewControllers/SCSMainViewController.h; sourceTree = "<group>"; };
		05F4CEDD1769B4A400D3EA4F /* SCSMainViewController.m */ = {isa = PBXFileReference; fileEncoding = 4; lastKnownFileType = sourcecode.c.objc; name = SCSMainViewController.m; path = ViewControllers/SCSMainViewController.m; sourceTree = "<group>"; };
		AE3950D41769E0A900F1EDCC /* TypeDefs.h */ = {isa = PBXFileReference; lastKnownFileType = sourcecode.c.h; path = TypeDefs.h; sourceTree = "<group>"; };
		AE3950D61769E76600F1EDCC /* queen.jpg */ = {isa = PBXFileReference; lastKnownFileType = image.jpeg; path = queen.jpg; sourceTree = "<group>"; };
		AEE559D4176AF36E00A019FC /* SCSEgitimDokumanlariViewController.h */ = {isa = PBXFileReference; fileEncoding = 4; lastKnownFileType = sourcecode.c.h; name = SCSEgitimDokumanlariViewController.h; path = ViewControllers/SCSEgitimDokumanlariViewController.h; sourceTree = "<group>"; };
		AEE559D5176AF36F00A019FC /* SCSEgitimDokumanlariViewController.m */ = {isa = PBXFileReference; fileEncoding = 4; lastKnownFileType = sourcecode.c.objc; name = SCSEgitimDokumanlariViewController.m; path = ViewControllers/SCSEgitimDokumanlariViewController.m; sourceTree = "<group>"; };
		AEE559D7176AF3BC00A019FC /* SCSGenelgelerViewController.h */ = {isa = PBXFileReference; fileEncoding = 4; lastKnownFileType = sourcecode.c.h; name = SCSGenelgelerViewController.h; path = ViewControllers/SCSGenelgelerViewController.h; sourceTree = "<group>"; };
		AEE559D8176AF3BC00A019FC /* SCSGenelgelerViewController.m */ = {isa = PBXFileReference; fileEncoding = 4; lastKnownFileType = sourcecode.c.objc; name = SCSGenelgelerViewController.m; path = ViewControllers/SCSGenelgelerViewController.m; sourceTree = "<group>"; };
		AEE559DA176AF40800A019FC /* SCSSandikBilgiKartiViewController.h */ = {isa = PBXFileReference; fileEncoding = 4; lastKnownFileType = sourcecode.c.h; name = SCSSandikBilgiKartiViewController.h; path = ViewControllers/SCSSandikBilgiKartiViewController.h; sourceTree = "<group>"; };
		AEE559DB176AF40800A019FC /* SCSSandikBilgiKartiViewController.m */ = {isa = PBXFileReference; fileEncoding = 4; lastKnownFileType = sourcecode.c.objc; name = SCSSandikBilgiKartiViewController.m; path = ViewControllers/SCSSandikBilgiKartiViewController.m; sourceTree = "<group>"; };
		AEE559DD176AF43F00A019FC /* SCSSandikSecmenListesiViewController.h */ = {isa = PBXFileReference; fileEncoding = 4; lastKnownFileType = sourcecode.c.h; name = SCSSandikSecmenListesiViewController.h; path = ViewControllers/SCSSandikSecmenListesiViewController.h; sourceTree = "<group>"; };
		AEE559DE176AF43F00A019FC /* SCSSandikSecmenListesiViewController.m */ = {isa = PBXFileReference; fileEncoding = 4; lastKnownFileType = sourcecode.c.objc; name = SCSSandikSecmenListesiViewController.m; path = ViewControllers/SCSSandikSecmenListesiViewController.m; sourceTree = "<group>"; };
		AEE559E0176AF49300A019FC /* SCSIletisimViewController.h */ = {isa = PBXFileReference; fileEncoding = 4; lastKnownFileType = sourcecode.c.h; name = SCSIletisimViewController.h; path = ViewControllers/SCSIletisimViewController.h; sourceTree = "<group>"; };
		AEE559E1176AF49300A019FC /* SCSIletisimViewController.m */ = {isa = PBXFileReference; fileEncoding = 4; lastKnownFileType = sourcecode.c.objc; name = SCSIletisimViewController.m; path = ViewControllers/SCSIletisimViewController.m; sourceTree = "<group>"; };
/* End PBXFileReference section */

/* Begin PBXFrameworksBuildPhase section */
		05CE054017676144009955B8 /* Frameworks */ = {
			isa = PBXFrameworksBuildPhase;
			buildActionMask = 2147483647;
			files = (
				05CE054717676144009955B8 /* UIKit.framework in Frameworks */,
				05CE054917676144009955B8 /* Foundation.framework in Frameworks */,
				05CE054B17676144009955B8 /* CoreGraphics.framework in Frameworks */,
			);
			runOnlyForDeploymentPostprocessing = 0;
		};
/* End PBXFrameworksBuildPhase section */

/* Begin PBXGroup section */
		05CE053A17676144009955B8 = {
			isa = PBXGroup;
			children = (
				05CE054C17676144009955B8 /* CHP-SCS */,
				05CE054517676144009955B8 /* Frameworks */,
				05CE054417676144009955B8 /* Products */,
			);
			sourceTree = "<group>";
		};
		05CE054417676144009955B8 /* Products */ = {
			isa = PBXGroup;
			children = (
				05CE054317676144009955B8 /* chp-scs.app */,
			);
			name = Products;
			sourceTree = "<group>";
		};
		05CE054517676144009955B8 /* Frameworks */ = {
			isa = PBXGroup;
			children = (
				05CE054617676144009955B8 /* UIKit.framework */,
				05CE054817676144009955B8 /* Foundation.framework */,
				05CE054A17676144009955B8 /* CoreGraphics.framework */,
			);
			name = Frameworks;
			sourceTree = "<group>";
		};
		05CE054C17676144009955B8 /* CHP-SCS */ = {
			isa = PBXGroup;
			children = (
				AE3950D31769E08C00F1EDCC /* Common */,
				05E354E21769D8CC00EC44F3 /* Models */,
				05E354E11769D8AE00EC44F3 /* ViewControllers */,
				05CE055517676144009955B8 /* SCSAppDelegate.h */,
				05CE055617676144009955B8 /* SCSAppDelegate.m */,
				05CE055E17676144009955B8 /* MainStoryboard.storyboard */,
				AE3950D51769E76600F1EDCC /* images */,
				05CE054D17676144009955B8 /* Supporting Files */,
			);
			path = "CHP-SCS";
			sourceTree = "<group>";
		};
		05CE054D17676144009955B8 /* Supporting Files */ = {
			isa = PBXGroup;
			children = (
				05E354E61769E47E00EC44F3 /* SWZ721L.TTF */,
				05E354E71769E47E00EC44F3 /* SWZ721M.TTF */,
				05E354E81769E47E00EC44F3 /* SWZ721T.TTF */,
				05CE054E17676144009955B8 /* CHP-SCS-Info.plist */,
				05CE054F17676144009955B8 /* InfoPlist.strings */,
				05CE055217676144009955B8 /* main.m */,
				05CE055417676144009955B8 /* CHP-SCS-Prefix.pch */,
				05CE055817676144009955B8 /* Default.png */,
				05CE055A17676144009955B8 /* Default@2x.png */,
				05CE055C17676144009955B8 /* Default-568h@2x.png */,
			);
			name = "Supporting Files";
			sourceTree = "<group>";
		};
		05E354E11769D8AE00EC44F3 /* ViewControllers */ = {
			isa = PBXGroup;
			children = (
				05F4CECC1769B3A400D3EA4F /* ECSlidingViewController */,
				05F4CED61769B42700D3EA4F /* SCSMenuViewController.h */,
				05F4CED71769B42700D3EA4F /* SCSMenuViewController.m */,
				05F4CEDC1769B4A400D3EA4F /* SCSMainViewController.h */,
				05F4CEDD1769B4A400D3EA4F /* SCSMainViewController.m */,
				AEE559D4176AF36E00A019FC /* SCSEgitimDokumanlariViewController.h */,
				AEE559D5176AF36F00A019FC /* SCSEgitimDokumanlariViewController.m */,
				AEE559D7176AF3BC00A019FC /* SCSGenelgelerViewController.h */,
				AEE559D8176AF3BC00A019FC /* SCSGenelgelerViewController.m */,
				AEE559DA176AF40800A019FC /* SCSSandikBilgiKartiViewController.h */,
				AEE559DB176AF40800A019FC /* SCSSandikBilgiKartiViewController.m */,
				AEE559DD176AF43F00A019FC /* SCSSandikSecmenListesiViewController.h */,
				AEE559DE176AF43F00A019FC /* SCSSandikSecmenListesiViewController.m */,
				AEE559E0176AF49300A019FC /* SCSIletisimViewController.h */,
				AEE559E1176AF49300A019FC /* SCSIletisimViewController.m */,
			);
			name = ViewControllers;
			sourceTree = "<group>";
		};
		05E354E21769D8CC00EC44F3 /* Models */ = {
			isa = PBXGroup;
			children = (
				05E354E31769D8E100EC44F3 /* SCSTopBar.h */,
				05E354E41769D8E100EC44F3 /* SCSTopBar.m */,
			);
			path = Models;
			sourceTree = "<group>";
		};
		05E354EC1769EEE800EC44F3 /* card */ = {
			isa = PBXGroup;
			children = (
				05E354ED1769EEE800EC44F3 /* card_bg.png */,
				05E3550D176A0FB300EC44F3 /* card_bg@2x.png */,
				05E354EE1769EEE800EC44F3 /* card_icon_person.png */,
				05E354EF1769EEE800EC44F3 /* card_icon_phone.png */,
			);
			path = card;
			sourceTree = "<group>";
		};
		05E354F01769EEE800EC44F3 /* menu */ = {
			isa = PBXGroup;
			children = (
				05E354F11769EEE800EC44F3 /* icon_card_default.png */,
				05E354F21769EEE800EC44F3 /* icon_egitim_default.png */,
				05E354F31769EEE800EC44F3 /* icon_genelgeler_default.png */,
				05E354F41769EEE800EC44F3 /* icon_iletisim_default.png */,
				05E354F51769EEE800EC44F3 /* icon_sandikbilgi_default.png */,
				05E354F61769EEE800EC44F3 /* icon_sandiksecmen_default.png */,
			);
			path = menu;
			sourceTree = "<group>";
		};
		05E354F71769EEE800EC44F3 /* topbar */ = {
			isa = PBXGroup;
			children = (
				05E354F81769EEE800EC44F3 /* topbar_chp_logo.png */,
				05E35507176A0FA900EC44F3 /* topbar_chp_logo@2x.png */,
				05E35508176A0FA900EC44F3 /* topbar_main_btn.jpg */,
				05E35509176A0FA900EC44F3 /* topbar_main_btn@2x.jpg */,
			);
			path = topbar;
			sourceTree = "<group>";
		};
		05F4CECC1769B3A400D3EA4F /* ECSlidingViewController */ = {
			isa = PBXGroup;
			children = (
				05E354DE1769D7DB00EC44F3 /* SCSViewController.h */,
				05E354DF1769D7DB00EC44F3 /* SCSViewController.m */,
				05F4CED91769B49200D3EA4F /* SCSSlidingViewController.h */,
				05F4CEDA1769B49200D3EA4F /* SCSSlidingViewController.m */,
				05F4CECD1769B3A400D3EA4F /* ECSlidingViewController.h */,
				05F4CECE1769B3A400D3EA4F /* ECSlidingViewController.m */,
				05F4CECF1769B3A400D3EA4F /* UIImage+ImageWithUIView.h */,
				05F4CED01769B3A400D3EA4F /* UIImage+ImageWithUIView.m */,
			);
			path = ECSlidingViewController;
			sourceTree = "<group>";
		};
		AE3950D31769E08C00F1EDCC /* Common */ = {
			isa = PBXGroup;
			children = (
				AE3950D41769E0A900F1EDCC /* TypeDefs.h */,
			);
			name = Common;
			sourceTree = "<group>";
		};
		AE3950D51769E76600F1EDCC /* images */ = {
			isa = PBXGroup;
			children = (
				05E354EC1769EEE800EC44F3 /* card */,
				05E354F01769EEE800EC44F3 /* menu */,
				05E354F71769EEE800EC44F3 /* topbar */,
				AE3950D61769E76600F1EDCC /* queen.jpg */,
			);
			path = images;
			sourceTree = "<group>";
		};
/* End PBXGroup section */

/* Begin PBXNativeTarget section */
		05CE054217676144009955B8 /* CHP-SCS */ = {
			isa = PBXNativeTarget;
			buildConfigurationList = 05CE056617676144009955B8 /* Build configuration list for PBXNativeTarget "CHP-SCS" */;
			buildPhases = (
				05CE053F17676144009955B8 /* Sources */,
				05CE054017676144009955B8 /* Frameworks */,
				05CE054117676144009955B8 /* Resources */,
			);
			buildRules = (
			);
			dependencies = (
			);
			name = "CHP-SCS";
			productName = "CHP-SCS";
			productReference = 05CE054317676144009955B8 /* chp-scs.app */;
			productType = "com.apple.product-type.application";
		};
/* End PBXNativeTarget section */

/* Begin PBXProject section */
		05CE053B17676144009955B8 /* Project object */ = {
			isa = PBXProject;
			attributes = {
				CLASSPREFIX = SCS;
				LastUpgradeCheck = 0460;
				ORGANIZATIONNAME = Halici;
			};
			buildConfigurationList = 05CE053E17676144009955B8 /* Build configuration list for PBXProject "CHP-SCS" */;
			compatibilityVersion = "Xcode 3.2";
			developmentRegion = English;
			hasScannedForEncodings = 0;
			knownRegions = (
				en,
			);
			mainGroup = 05CE053A17676144009955B8;
			productRefGroup = 05CE054417676144009955B8 /* Products */;
			projectDirPath = "";
			projectRoot = "";
			targets = (
				05CE054217676144009955B8 /* CHP-SCS */,
			);
		};
/* End PBXProject section */

/* Begin PBXResourcesBuildPhase section */
		05CE054117676144009955B8 /* Resources */ = {
			isa = PBXResourcesBuildPhase;
			buildActionMask = 2147483647;
			files = (
				05CE055117676144009955B8 /* InfoPlist.strings in Resources */,
				05CE055917676144009955B8 /* Default.png in Resources */,
				05CE055B17676144009955B8 /* Default@2x.png in Resources */,
				05CE055D17676144009955B8 /* Default-568h@2x.png in Resources */,
				05CE056017676144009955B8 /* MainStoryboard.storyboard in Resources */,
				AE3950D71769E76600F1EDCC /* queen.jpg in Resources */,
				05E354E91769E47E00EC44F3 /* SWZ721L.TTF in Resources */,
				05E354EA1769E47E00EC44F3 /* SWZ721M.TTF in Resources */,
				05E354EB1769E47E00EC44F3 /* SWZ721T.TTF in Resources */,
				05E354FB1769EEE800EC44F3 /* card_bg.png in Resources */,
				05E354FC1769EEE800EC44F3 /* card_icon_person.png in Resources */,
				05E354FD1769EEE800EC44F3 /* card_icon_phone.png in Resources */,
				05E354FE1769EEE800EC44F3 /* icon_card_default.png in Resources */,
				05E354FF1769EEE800EC44F3 /* icon_egitim_default.png in Resources */,
				05E355001769EEE800EC44F3 /* icon_genelgeler_default.png in Resources */,
				05E355011769EEE800EC44F3 /* icon_iletisim_default.png in Resources */,
				05E355021769EEE800EC44F3 /* icon_sandikbilgi_default.png in Resources */,
				05E355031769EEE800EC44F3 /* icon_sandiksecmen_default.png in Resources */,
				05E355041769EEE800EC44F3 /* topbar_chp_logo.png in Resources */,
				05E3550A176A0FA900EC44F3 /* topbar_chp_logo@2x.png in Resources */,
				05E3550B176A0FA900EC44F3 /* topbar_main_btn.jpg in Resources */,
				05E3550C176A0FA900EC44F3 /* topbar_main_btn@2x.jpg in Resources */,
				05E3550E176A0FB300EC44F3 /* card_bg@2x.png in Resources */,
			);
			runOnlyForDeploymentPostprocessing = 0;
		};
/* End PBXResourcesBuildPhase section */

/* Begin PBXSourcesBuildPhase section */
		05CE053F17676144009955B8 /* Sources */ = {
			isa = PBXSourcesBuildPhase;
			buildActionMask = 2147483647;
			files = (
				05CE055317676144009955B8 /* main.m in Sources */,
				05CE055717676144009955B8 /* SCSAppDelegate.m in Sources */,
				05F4CED11769B3A400D3EA4F /* ECSlidingViewController.m in Sources */,
				05F4CED21769B3A400D3EA4F /* UIImage+ImageWithUIView.m in Sources */,
				05F4CED81769B42700D3EA4F /* SCSMenuViewController.m in Sources */,
				05F4CEDB1769B49200D3EA4F /* SCSSlidingViewController.m in Sources */,
				05F4CEDE1769B4A400D3EA4F /* SCSMainViewController.m in Sources */,
				05E354E01769D7DB00EC44F3 /* SCSViewController.m in Sources */,
				05E354E51769D8E100EC44F3 /* SCSTopBar.m in Sources */,
				AEE559D6176AF36F00A019FC /* SCSEgitimDokumanlariViewController.m in Sources */,
				AEE559D9176AF3BD00A019FC /* SCSGenelgelerViewController.m in Sources */,
				AEE559DC176AF40800A019FC /* SCSSandikBilgiKartiViewController.m in Sources */,
				AEE559DF176AF43F00A019FC /* SCSSandikSecmenListesiViewController.m in Sources */,
				AEE559E2176AF49300A019FC /* SCSIletisimViewController.m in Sources */,
			);
			runOnlyForDeploymentPostprocessing = 0;
		};
/* End PBXSourcesBuildPhase section */

/* Begin PBXVariantGroup section */
		05CE054F17676144009955B8 /* InfoPlist.strings */ = {
			isa = PBXVariantGroup;
			children = (
				05CE055017676144009955B8 /* en */,
			);
			name = InfoPlist.strings;
			sourceTree = "<group>";
		};
		05CE055E17676144009955B8 /* MainStoryboard.storyboard */ = {
			isa = PBXVariantGroup;
			children = (
				05CE055F17676144009955B8 /* en */,
			);
			name = MainStoryboard.storyboard;
			sourceTree = "<group>";
		};
/* End PBXVariantGroup section */

/* Begin XCBuildConfiguration section */
		05CE056417676144009955B8 /* Debug */ = {
			isa = XCBuildConfiguration;
			buildSettings = {
				ALWAYS_SEARCH_USER_PATHS = NO;
				CLANG_CXX_LANGUAGE_STANDARD = "gnu++0x";
				CLANG_CXX_LIBRARY = "libc++";
				CLANG_ENABLE_OBJC_ARC = YES;
				CLANG_WARN_CONSTANT_CONVERSION = YES;
				CLANG_WARN_EMPTY_BODY = YES;
				CLANG_WARN_ENUM_CONVERSION = YES;
				CLANG_WARN_INT_CONVERSION = YES;
				CLANG_WARN__DUPLICATE_METHOD_MATCH = YES;
				"CODE_SIGN_IDENTITY[sdk=iphoneos*]" = "iPhone Developer";
				COPY_PHASE_STRIP = NO;
				GCC_C_LANGUAGE_STANDARD = gnu99;
				GCC_DYNAMIC_NO_PIC = NO;
				GCC_OPTIMIZATION_LEVEL = 0;
				GCC_PREPROCESSOR_DEFINITIONS = (
					"DEBUG=1",
					"$(inherited)",
				);
				GCC_SYMBOLS_PRIVATE_EXTERN = NO;
				GCC_WARN_ABOUT_RETURN_TYPE = YES;
				GCC_WARN_UNINITIALIZED_AUTOS = YES;
				GCC_WARN_UNUSED_VARIABLE = YES;
				IPHONEOS_DEPLOYMENT_TARGET = 6.1;
				ONLY_ACTIVE_ARCH = YES;
				SDKROOT = iphoneos;
			};
			name = Debug;
		};
		05CE056517676144009955B8 /* Release */ = {
			isa = XCBuildConfiguration;
			buildSettings = {
				ALWAYS_SEARCH_USER_PATHS = NO;
				CLANG_CXX_LANGUAGE_STANDARD = "gnu++0x";
				CLANG_CXX_LIBRARY = "libc++";
				CLANG_ENABLE_OBJC_ARC = YES;
				CLANG_WARN_CONSTANT_CONVERSION = YES;
				CLANG_WARN_EMPTY_BODY = YES;
				CLANG_WARN_ENUM_CONVERSION = YES;
				CLANG_WARN_INT_CONVERSION = YES;
				CLANG_WARN__DUPLICATE_METHOD_MATCH = YES;
				"CODE_SIGN_IDENTITY[sdk=iphoneos*]" = "iPhone Developer";
				COPY_PHASE_STRIP = YES;
				GCC_C_LANGUAGE_STANDARD = gnu99;
				GCC_WARN_ABOUT_RETURN_TYPE = YES;
				GCC_WARN_UNINITIALIZED_AUTOS = YES;
				GCC_WARN_UNUSED_VARIABLE = YES;
				IPHONEOS_DEPLOYMENT_TARGET = 6.1;
				OTHER_CFLAGS = "-DNS_BLOCK_ASSERTIONS=1";
				SDKROOT = iphoneos;
				VALIDATE_PRODUCT = YES;
			};
			name = Release;
		};
		05CE056717676144009955B8 /* Debug */ = {
			isa = XCBuildConfiguration;
			buildSettings = {
				CODE_SIGN_IDENTITY = "iPhone Developer";
				"CODE_SIGN_IDENTITY[sdk=iphoneos*]" = "iPhone Developer";
				GCC_PRECOMPILE_PREFIX_HEADER = YES;
				GCC_PREFIX_HEADER = "CHP-SCS/CHP-SCS-Prefix.pch";
				INFOPLIST_FILE = "CHP-SCS/CHP-SCS-Info.plist";
				PRODUCT_NAME = "chp-scs";
				PROVISIONING_PROFILE = "";
				"PROVISIONING_PROFILE[sdk=iphoneos*]" = "";
				WRAPPER_EXTENSION = app;
			};
			name = Debug;
		};
		05CE056817676144009955B8 /* Release */ = {
			isa = XCBuildConfiguration;
			buildSettings = {
				CODE_SIGN_IDENTITY = "iPhone Developer";
				"CODE_SIGN_IDENTITY[sdk=iphoneos*]" = "iPhone Developer";
				GCC_PRECOMPILE_PREFIX_HEADER = YES;
				GCC_PREFIX_HEADER = "CHP-SCS/CHP-SCS-Prefix.pch";
				INFOPLIST_FILE = "CHP-SCS/CHP-SCS-Info.plist";
				PRODUCT_NAME = "chp-scs";
				PROVISIONING_PROFILE = "";
				"PROVISIONING_PROFILE[sdk=iphoneos*]" = "";
				WRAPPER_EXTENSION = app;
			};
			name = Release;
		};
/* End XCBuildConfiguration section */

/* Begin XCConfigurationList section */
		05CE053E17676144009955B8 /* Build configuration list for PBXProject "CHP-SCS" */ = {
			isa = XCConfigurationList;
			buildConfigurations = (
				05CE056417676144009955B8 /* Debug */,
				05CE056517676144009955B8 /* Release */,
			);
			defaultConfigurationIsVisible = 0;
			defaultConfigurationName = Release;
		};
		05CE056617676144009955B8 /* Build configuration list for PBXNativeTarget "CHP-SCS" */ = {
			isa = XCConfigurationList;
			buildConfigurations = (
				05CE056717676144009955B8 /* Debug */,
				05CE056817676144009955B8 /* Release */,
			);
			defaultConfigurationIsVisible = 0;
			defaultConfigurationName = Release;
		};
/* End XCConfigurationList section */
	};
	rootObject = 05CE053B17676144009955B8 /* Project object */;
}
